// !$*UTF8*$!
{
	archiveVersion = 1;
	classes = {
	};
	objectVersion = 50;
	objects = {

/* Begin PBXBuildFile section */
		27EA77692249F8FC00BA6EE1 /* AppDelegate.swift in Sources */ = {isa = PBXBuildFile; fileRef = 27EA77682249F8FC00BA6EE1 /* AppDelegate.swift */; };
		27EA776B2249F8FC00BA6EE1 /* ViewController.swift in Sources */ = {isa = PBXBuildFile; fileRef = 27EA776A2249F8FC00BA6EE1 /* ViewController.swift */; };
		27EA776E2249F8FC00BA6EE1 /* Main.storyboard in Resources */ = {isa = PBXBuildFile; fileRef = 27EA776C2249F8FC00BA6EE1 /* Main.storyboard */; };
		27EA77702249F8FD00BA6EE1 /* Assets.xcassets in Resources */ = {isa = PBXBuildFile; fileRef = 27EA776F2249F8FD00BA6EE1 /* Assets.xcassets */; };
		27EA77732249F8FD00BA6EE1 /* LaunchScreen.storyboard in Resources */ = {isa = PBXBuildFile; fileRef = 27EA77712249F8FD00BA6EE1 /* LaunchScreen.storyboard */; };
		9FE69DAF1BBA7DC500E05E3D /* Pods_JPush_Test.framework in Frameworks */ = {isa = PBXBuildFile; fileRef = CF4D494B25F7F4B4B4E0A319 /* Pods_JPush_Test.framework */; };
/* End PBXBuildFile section */

/* Begin PBXFileReference section */
		27EA77652249F8FC00BA6EE1 /* JPush-Test.app */ = {isa = PBXFileReference; explicitFileType = wrapper.application; includeInIndex = 0; path = "JPush-Test.app"; sourceTree = BUILT_PRODUCTS_DIR; };
		27EA77682249F8FC00BA6EE1 /* AppDelegate.swift */ = {isa = PBXFileReference; lastKnownFileType = sourcecode.swift; path = AppDelegate.swift; sourceTree = "<group>"; };
		27EA776A2249F8FC00BA6EE1 /* ViewController.swift */ = {isa = PBXFileReference; lastKnownFileType = sourcecode.swift; path = ViewController.swift; sourceTree = "<group>"; };
		27EA776D2249F8FC00BA6EE1 /* Base */ = {isa = PBXFileReference; lastKnownFileType = file.storyboard; name = Base; path = Base.lproj/Main.storyboard; sourceTree = "<group>"; };
		27EA776F2249F8FD00BA6EE1 /* Assets.xcassets */ = {isa = PBXFileReference; lastKnownFileType = folder.assetcatalog; path = Assets.xcassets; sourceTree = "<group>"; };
		27EA77722249F8FD00BA6EE1 /* Base */ = {isa = PBXFileReference; lastKnownFileType = file.storyboard; name = Base; path = Base.lproj/LaunchScreen.storyboard; sourceTree = "<group>"; };
		27EA77742249F8FD00BA6EE1 /* Info.plist */ = {isa = PBXFileReference; lastKnownFileType = text.plist.xml; path = Info.plist; sourceTree = "<group>"; };
		27EA777A2249F91B00BA6EE1 /* JPush-Test.entitlements */ = {isa = PBXFileReference; lastKnownFileType = text.plist.entitlements; path = "JPush-Test.entitlements"; sourceTree = "<group>"; };
		59744B0AE8D22E39B3052D7B /* Pods-JPush-Test.debug.xcconfig */ = {isa = PBXFileReference; includeInIndex = 1; lastKnownFileType = text.xcconfig; name = "Pods-JPush-Test.debug.xcconfig"; path = "Pods/Target Support Files/Pods-JPush-Test/Pods-JPush-Test.debug.xcconfig"; sourceTree = "<group>"; };
		8E7FCAF3635853ABF324660D /* Pods-JPush-Test.release.xcconfig */ = {isa = PBXFileReference; includeInIndex = 1; lastKnownFileType = text.xcconfig; name = "Pods-JPush-Test.release.xcconfig"; path = "Pods/Target Support Files/Pods-JPush-Test/Pods-JPush-Test.release.xcconfig"; sourceTree = "<group>"; };
		CF4D494B25F7F4B4B4E0A319 /* Pods_JPush_Test.framework */ = {isa = PBXFileReference; explicitFileType = wrapper.framework; includeInIndex = 0; path = Pods_JPush_Test.framework; sourceTree = BUILT_PRODUCTS_DIR; };
/* End PBXFileReference section */

/* Begin PBXFrameworksBuildPhase section */
		27EA77622249F8FC00BA6EE1 /* Frameworks */ = {
			isa = PBXFrameworksBuildPhase;
			buildActionMask = 2147483647;
			files = (
				9FE69DAF1BBA7DC500E05E3D /* Pods_JPush_Test.framework in Frameworks */,
			);
			runOnlyForDeploymentPostprocessing = 0;
		};
/* End PBXFrameworksBuildPhase section */

/* Begin PBXGroup section */
		27EA775C2249F8FC00BA6EE1 = {
			isa = PBXGroup;
			children = (
				27EA77672249F8FC00BA6EE1 /* JPush-Test */,
				27EA77662249F8FC00BA6EE1 /* Products */,
				34AB06B8205D32EC35026B3D /* Pods */,
				E4F1E1545DBC871E84472F57 /* Frameworks */,
			);
			sourceTree = "<group>";
		};
		27EA77662249F8FC00BA6EE1 /* Products */ = {
			isa = PBXGroup;
			children = (
				27EA77652249F8FC00BA6EE1 /* JPush-Test.app */,
			);
			name = Products;
			sourceTree = "<group>";
		};
		27EA77672249F8FC00BA6EE1 /* JPush-Test */ = {
			isa = PBXGroup;
			children = (
				27EA777A2249F91B00BA6EE1 /* JPush-Test.entitlements */,
				27EA77682249F8FC00BA6EE1 /* AppDelegate.swift */,
				27EA776A2249F8FC00BA6EE1 /* ViewController.swift */,
				27EA776C2249F8FC00BA6EE1 /* Main.storyboard */,
				27EA776F2249F8FD00BA6EE1 /* Assets.xcassets */,
				27EA77712249F8FD00BA6EE1 /* LaunchScreen.storyboard */,
				27EA77742249F8FD00BA6EE1 /* Info.plist */,
			);
			path = "JPush-Test";
			sourceTree = "<group>";
		};
		34AB06B8205D32EC35026B3D /* Pods */ = {
			isa = PBXGroup;
			children = (
				59744B0AE8D22E39B3052D7B /* Pods-JPush-Test.debug.xcconfig */,
				8E7FCAF3635853ABF324660D /* Pods-JPush-Test.release.xcconfig */,
			);
			name = Pods;
			sourceTree = "<group>";
		};
		E4F1E1545DBC871E84472F57 /* Frameworks */ = {
			isa = PBXGroup;
			children = (
				CF4D494B25F7F4B4B4E0A319 /* Pods_JPush_Test.framework */,
			);
			name = Frameworks;
			sourceTree = "<group>";
		};
/* End PBXGroup section */

/* Begin PBXNativeTarget section */
		27EA77642249F8FC00BA6EE1 /* JPush-Test */ = {
			isa = PBXNativeTarget;
			buildConfigurationList = 27EA77772249F8FD00BA6EE1 /* Build configuration list for PBXNativeTarget "JPush-Test" */;
			buildPhases = (
				DE0279CA8A6ECC8EA7F3D4D3 /* [CP] Check Pods Manifest.lock */,
				27EA77612249F8FC00BA6EE1 /* Sources */,
				27EA77622249F8FC00BA6EE1 /* Frameworks */,
				27EA77632249F8FC00BA6EE1 /* Resources */,
			);
			buildRules = (
			);
			dependencies = (
			);
			name = "JPush-Test";
			productName = "JPush-Test";
			productReference = 27EA77652249F8FC00BA6EE1 /* JPush-Test.app */;
			productType = "com.apple.product-type.application";
		};
/* End PBXNativeTarget section */

/* Begin PBXProject section */
		27EA775D2249F8FC00BA6EE1 /* Project object */ = {
			isa = PBXProject;
			attributes = {
				LastSwiftUpdateCheck = 1020;
				LastUpgradeCheck = 1020;
				ORGANIZATIONNAME = "Ning Li";
				TargetAttributes = {
					27EA77642249F8FC00BA6EE1 = {
						CreatedOnToolsVersion = 10.2;
						SystemCapabilities = {
							com.apple.Push = {
								enabled = 1;
							};
						};
					};
				};
			};
			buildConfigurationList = 27EA77602249F8FC00BA6EE1 /* Build configuration list for PBXProject "JPush-Test" */;
			compatibilityVersion = "Xcode 9.3";
			developmentRegion = en;
			hasScannedForEncodings = 0;
			knownRegions = (
				en,
				Base,
			);
			mainGroup = 27EA775C2249F8FC00BA6EE1;
			productRefGroup = 27EA77662249F8FC00BA6EE1 /* Products */;
			projectDirPath = "";
			projectRoot = "";
			targets = (
				27EA77642249F8FC00BA6EE1 /* JPush-Test */,
			);
		};
/* End PBXProject section */

/* Begin PBXResourcesBuildPhase section */
		27EA77632249F8FC00BA6EE1 /* Resources */ = {
			isa = PBXResourcesBuildPhase;
			buildActionMask = 2147483647;
			files = (
				27EA77732249F8FD00BA6EE1 /* LaunchScreen.storyboard in Resources */,
				27EA77702249F8FD00BA6EE1 /* Assets.xcassets in Resources */,
				27EA776E2249F8FC00BA6EE1 /* Main.storyboard in Resources */,
			);
			runOnlyForDeploymentPostprocessing = 0;
		};
/* End PBXResourcesBuildPhase section */

/* Begin PBXShellScriptBuildPhase section */
		DE0279CA8A6ECC8EA7F3D4D3 /* [CP] Check Pods Manifest.lock */ = {
			isa = PBXShellScriptBuildPhase;
			buildActionMask = 2147483647;
			files = (
			);
			inputFileListPaths = (
			);
			inputPaths = (
				"${PODS_PODFILE_DIR_PATH}/Podfile.lock",
				"${PODS_ROOT}/Manifest.lock",
			);
			name = "[CP] Check Pods Manifest.lock";
			outputFileListPaths = (
			);
			outputPaths = (
				"$(DERIVED_FILE_DIR)/Pods-JPush-Test-checkManifestLockResult.txt",
			);
			runOnlyForDeploymentPostprocessing = 0;
			shellPath = /bin/sh;
			shellScript = "diff \"${PODS_PODFILE_DIR_PATH}/Podfile.lock\" \"${PODS_ROOT}/Manifest.lock\" > /dev/null\nif [ $? != 0 ] ; then\n    # print error to STDERR\n    echo \"error: The sandbox is not in sync with the Podfile.lock. Run 'pod install' or update your CocoaPods installation.\" >&2\n    exit 1\nfi\n# This output is used by Xcode 'outputs' to avoid re-running this script phase.\necho \"SUCCESS\" > \"${SCRIPT_OUTPUT_FILE_0}\"\n";
			showEnvVarsInLog = 0;
		};
/* End PBXShellScriptBuildPhase section */

/* Begin PBXSourcesBuildPhase section */
		27EA77612249F8FC00BA6EE1 /* Sources */ = {
			isa = PBXSourcesBuildPhase;
			buildActionMask = 2147483647;
			files = (
				27EA776B2249F8FC00BA6EE1 /* ViewController.swift in Sources */,
				27EA77692249F8FC00BA6EE1 /* AppDelegate.swift in Sources */,
			);
			runOnlyForDeploymentPostprocessing = 0;
		};
/* End PBXSourcesBuildPhase section */

/* Begin PBXVariantGroup section */
		27EA776C2249F8FC00BA6EE1 /* Main.storyboard */ = {
			isa = PBXVariantGroup;
			children = (
				27EA776D2249F8FC00BA6EE1 /* Base */,
			);
			name = Main.storyboard;
			sourceTree = "<group>";
		};
		27EA77712249F8FD00BA6EE1 /* LaunchScreen.storyboard */ = {
			isa = PBXVariantGroup;
			children = (
				27EA77722249F8FD00BA6EE1 /* Base */,
			);
			name = LaunchScreen.storyboard;
			sourceTree = "<group>";
		};
/* End PBXVariantGroup section */

/* Begin XCBuildConfiguration section */
		27EA77752249F8FD00BA6EE1 /* Debug */ = {
			isa = XCBuildConfiguration;
			buildSettings = {
				ALWAYS_SEARCH_USER_PATHS = NO;
				CLANG_ANALYZER_NONNULL = YES;
				CLANG_ANALYZER_NUMBER_OBJECT_CONVERSION = YES_AGGRESSIVE;
				CLANG_CXX_LANGUAGE_STANDARD = "gnu++14";
				CLANG_CXX_LIBRARY = "libc++";
				CLANG_ENABLE_MODULES = YES;
				CLANG_ENABLE_OBJC_ARC = YES;
				CLANG_ENABLE_OBJC_WEAK = YES;
				CLANG_WARN_BLOCK_CAPTURE_AUTORELEASING = YES;
				CLANG_WARN_BOOL_CONVERSION = YES;
				CLANG_WARN_COMMA = YES;
				CLANG_WARN_CONSTANT_CONVERSION = YES;
				CLANG_WARN_DEPRECATED_OBJC_IMPLEMENTATIONS = YES;
				CLANG_WARN_DIRECT_OBJC_ISA_USAGE = YES_ERROR;
				CLANG_WARN_DOCUMENTATION_COMMENTS = YES;
				CLANG_WARN_EMPTY_BODY = YES;
				CLANG_WARN_ENUM_CONVERSION = YES;
				CLANG_WARN_INFINITE_RECURSION = YES;
				CLANG_WARN_INT_CONVERSION = YES;
				CLANG_WARN_NON_LITERAL_NULL_CONVERSION = YES;
				CLANG_WARN_OBJC_IMPLICIT_RETAIN_SELF = YES;
				CLANG_WARN_OBJC_LITERAL_CONVERSION = YES;
				CLANG_WARN_OBJC_ROOT_CLASS = YES_ERROR;
				CLANG_WARN_RANGE_LOOP_ANALYSIS = YES;
				CLANG_WARN_STRICT_PROTOTYPES = YES;
				CLANG_WARN_SUSPICIOUS_MOVE = YES;
				CLANG_WARN_UNGUARDED_AVAILABILITY = YES_AGGRESSIVE;
				CLANG_WARN_UNREACHABLE_CODE = YES;
				CLANG_WARN__DUPLICATE_METHOD_MATCH = YES;
				CODE_SIGN_IDENTITY = "iPhone Developer";
				COPY_PHASE_STRIP = NO;
				DEBUG_INFORMATION_FORMAT = dwarf;
				ENABLE_STRICT_OBJC_MSGSEND = YES;
				ENABLE_TESTABILITY = YES;
				GCC_C_LANGUAGE_STANDARD = gnu11;
				GCC_DYNAMIC_NO_PIC = NO;
				GCC_NO_COMMON_BLOCKS = YES;
				GCC_OPTIMIZATION_LEVEL = 0;
				GCC_PREPROCESSOR_DEFINITIONS = (
					"DEBUG=1",
					"$(inherited)",
				);
				GCC_WARN_64_TO_32_BIT_CONVERSION = YES;
				GCC_WARN_ABOUT_RETURN_TYPE = YES_ERROR;
				GCC_WARN_UNDECLARED_SELECTOR = YES;
				GCC_WARN_UNINITIALIZED_AUTOS = YES_AGGRESSIVE;
				GCC_WARN_UNUSED_FUNCTION = YES;
				GCC_WARN_UNUSED_VARIABLE = YES;
				IPHONEOS_DEPLOYMENT_TARGET = 12.2;
				MTL_ENABLE_DEBUG_INFO = INCLUDE_SOURCE;
				MTL_FAST_MATH = YES;
				ONLY_ACTIVE_ARCH = YES;
				SDKROOT = iphoneos;
				SWIFT_ACTIVE_COMPILATION_CONDITIONS = DEBUG;
				SWIFT_OPTIMIZATION_LEVEL = "-Onone";
			};
			name = Debug;
		};
		27EA77762249F8FD00BA6EE1 /* Release */ = {
			isa = XCBuildConfiguration;
			buildSettings = {
				ALWAYS_SEARCH_USER_PATHS = NO;
				CLANG_ANALYZER_NONNULL = YES;
				CLANG_ANALYZER_NUMBER_OBJECT_CONVERSION = YES_AGGRESSIVE;
				CLANG_CXX_LANGUAGE_STANDARD = "gnu++14";
				CLANG_CXX_LIBRARY = "libc++";
				CLANG_ENABLE_MODULES = YES;
				CLANG_ENABLE_OBJC_ARC = YES;
				CLANG_ENABLE_OBJC_WEAK = YES;
				CLANG_WARN_BLOCK_CAPTURE_AUTORELEASING = YES;
				CLANG_WARN_BOOL_CONVERSION = YES;
				CLANG_WARN_COMMA = YES;
				CLANG_WARN_CONSTANT_CONVERSION = YES;
				CLANG_WARN_DEPRECATED_OBJC_IMPLEMENTATIONS = YES;
				CLANG_WARN_DIRECT_OBJC_ISA_USAGE = YES_ERROR;
				CLANG_WARN_DOCUMENTATION_COMMENTS = YES;
				CLANG_WARN_EMPTY_BODY = YES;
				CLANG_WARN_ENUM_CONVERSION = YES;
				CLANG_WARN_INFINITE_RECURSION = YES;
				CLANG_WARN_INT_CONVERSION = YES;
				CLANG_WARN_NON_LITERAL_NULL_CONVERSION = YES;
				CLANG_WARN_OBJC_IMPLICIT_RETAIN_SELF = YES;
				CLANG_WARN_OBJC_LITERAL_CONVERSION = YES;
				CLANG_WARN_OBJC_ROOT_CLASS = YES_ERROR;
				CLANG_WARN_RANGE_LOOP_ANALYSIS = YES;
				CLANG_WARN_STRICT_PROTOTYPES = YES;
				CLANG_WARN_SUSPICIOUS_MOVE = YES;
				CLANG_WARN_UNGUARDED_AVAILABILITY = YES_AGGRESSIVE;
				CLANG_WARN_UNREACHABLE_CODE = YES;
				CLANG_WARN__DUPLICATE_METHOD_MATCH = YES;
				CODE_SIGN_IDENTITY = "iPhone Developer";
				COPY_PHASE_STRIP = NO;
				DEBUG_INFORMATION_FORMAT = "dwarf-with-dsym";
				ENABLE_NS_ASSERTIONS = NO;
				ENABLE_STRICT_OBJC_MSGSEND = YES;
				GCC_C_LANGUAGE_STANDARD = gnu11;
				GCC_NO_COMMON_BLOCKS = YES;
				GCC_WARN_64_TO_32_BIT_CONVERSION = YES;
				GCC_WARN_ABOUT_RETURN_TYPE = YES_ERROR;
				GCC_WARN_UNDECLARED_SELECTOR = YES;
				GCC_WARN_UNINITIALIZED_AUTOS = YES_AGGRESSIVE;
				GCC_WARN_UNUSED_FUNCTION = YES;
				GCC_WARN_UNUSED_VARIABLE = YES;
				IPHONEOS_DEPLOYMENT_TARGET = 12.2;
				MTL_ENABLE_DEBUG_INFO = NO;
				MTL_FAST_MATH = YES;
				SDKROOT = iphoneos;
				SWIFT_COMPILATION_MODE = wholemodule;
				SWIFT_OPTIMIZATION_LEVEL = "-O";
				VALIDATE_PRODUCT = YES;
			};
			name = Release;
		};
		27EA77782249F8FD00BA6EE1 /* Debug */ = {
			isa = XCBuildConfiguration;
			baseConfigurationReference = 59744B0AE8D22E39B3052D7B /* Pods-JPush-Test.debug.xcconfig */;
			buildSettings = {
				ASSETCATALOG_COMPILER_APPICON_NAME = AppIcon;
				CODE_SIGN_ENTITLEMENTS = "JPush-Test/JPush-Test.entitlements";
				CODE_SIGN_STYLE = Automatic;
				DEVELOPMENT_TEAM = 7SRTN8TP29;
				INFOPLIST_FILE = "JPush-Test/Info.plist";
				LD_RUNPATH_SEARCH_PATHS = (
					"$(inherited)",
					"@executable_path/Frameworks",
				);
				PRODUCT_BUNDLE_IDENTIFIER = "com.yzh.JPush-Test";
				PRODUCT_NAME = "$(TARGET_NAME)";
				SWIFT_VERSION = 5.0;
				TARGETED_DEVICE_FAMILY = 1;
			};
			name = Debug;
		};
		27EA77792249F8FD00BA6EE1 /* Release */ = {
			isa = XCBuildConfiguration;
			baseConfigurationReference = 8E7FCAF3635853ABF324660D /* Pods-JPush-Test.release.xcconfig */;
			buildSettings = {
				ASSETCATALOG_COMPILER_APPICON_NAME = AppIcon;
				CODE_SIGN_ENTITLEMENTS = "JPush-Test/JPush-Test.entitlements";
				CODE_SIGN_STYLE = Automatic;
				DEVELOPMENT_TEAM = 7SRTN8TP29;
				INFOPLIST_FILE = "JPush-Test/Info.plist";
				LD_RUNPATH_SEARCH_PATHS = (
					"$(inherited)",
					"@executable_path/Frameworks",
				);
				PRODUCT_BUNDLE_IDENTIFIER = "com.yzh.JPush-Test";
				PRODUCT_NAME = "$(TARGET_NAME)";
				SWIFT_VERSION = 5.0;
				TARGETED_DEVICE_FAMILY = 1;
			};
			name = Release;
		};
/* End XCBuildConfiguration section */

/* Begin XCConfigurationList section */
		27EA77602249F8FC00BA6EE1 /* Build configuration list for PBXProject "JPush-Test" */ = {
			isa = XCConfigurationList;
			buildConfigurations = (
				27EA77752249F8FD00BA6EE1 /* Debug */,
				27EA77762249F8FD00BA6EE1 /* Release */,
			);
			defaultConfigurationIsVisible = 0;
			defaultConfigurationName = Release;
		};
		27EA77772249F8FD00BA6EE1 /* Build configuration list for PBXNativeTarget "JPush-Test" */ = {
			isa = XCConfigurationList;
			buildConfigurations = (
				27EA77782249F8FD00BA6EE1 /* Debug */,
				27EA77792249F8FD00BA6EE1 /* Release */,
			);
			defaultConfigurationIsVisible = 0;
			defaultConfigurationName = Release;
		};
/* End XCConfigurationList section */
	};
	rootObject = 27EA775D2249F8FC00BA6EE1 /* Project object */;
}
