// !$*UTF8*$!
{
	archiveVersion = 1;
	classes = {
	};
	objectVersion = 50;
	objects = {

/* Begin PBXBuildFile section */
		2771B8A3235D3FEE007A33F7 /* AppDelegate.swift in Sources */ = {isa = PBXBuildFile; fileRef = 2771B8A2235D3FEE007A33F7 /* AppDelegate.swift */; };
		2771B8A7235D3FEE007A33F7 /* ViewController.swift in Sources */ = {isa = PBXBuildFile; fileRef = 2771B8A6235D3FEE007A33F7 /* ViewController.swift */; };
		2771B8AA235D3FEE007A33F7 /* Main.storyboard in Resources */ = {isa = PBXBuildFile; fileRef = 2771B8A8235D3FEE007A33F7 /* Main.storyboard */; };
		2771B8AC235D3FF0007A33F7 /* Assets.xcassets in Resources */ = {isa = PBXBuildFile; fileRef = 2771B8AB235D3FF0007A33F7 /* Assets.xcassets */; };
		2771B8AF235D3FF0007A33F7 /* LaunchScreen.storyboard in Resources */ = {isa = PBXBuildFile; fileRef = 2771B8AD235D3FF0007A33F7 /* LaunchScreen.storyboard */; };
		CBBAC36EFF54297BBB2BB615 /* Pods_TestMLeaksFinder.framework in Frameworks */ = {isa = PBXBuildFile; fileRef = 1D245D4C737DB3CACCE0CB46 /* Pods_TestMLeaksFinder.framework */; };
/* End PBXBuildFile section */

/* Begin PBXFileReference section */
		1D245D4C737DB3CACCE0CB46 /* Pods_TestMLeaksFinder.framework */ = {isa = PBXFileReference; explicitFileType = wrapper.framework; includeInIndex = 0; path = Pods_TestMLeaksFinder.framework; sourceTree = BUILT_PRODUCTS_DIR; };
		2771B89F235D3FEE007A33F7 /* TestMLeaksFinder.app */ = {isa = PBXFileReference; explicitFileType = wrapper.application; includeInIndex = 0; path = TestMLeaksFinder.app; sourceTree = BUILT_PRODUCTS_DIR; };
		2771B8A2235D3FEE007A33F7 /* AppDelegate.swift */ = {isa = PBXFileReference; lastKnownFileType = sourcecode.swift; path = AppDelegate.swift; sourceTree = "<group>"; };
		2771B8A6235D3FEE007A33F7 /* ViewController.swift */ = {isa = PBXFileReference; lastKnownFileType = sourcecode.swift; path = ViewController.swift; sourceTree = "<group>"; };
		2771B8A9235D3FEE007A33F7 /* Base */ = {isa = PBXFileReference; lastKnownFileType = file.storyboard; name = Base; path = Base.lproj/Main.storyboard; sourceTree = "<group>"; };
		2771B8AB235D3FF0007A33F7 /* Assets.xcassets */ = {isa = PBXFileReference; lastKnownFileType = folder.assetcatalog; path = Assets.xcassets; sourceTree = "<group>"; };
		2771B8AE235D3FF0007A33F7 /* Base */ = {isa = PBXFileReference; lastKnownFileType = file.storyboard; name = Base; path = Base.lproj/LaunchScreen.storyboard; sourceTree = "<group>"; };
		2771B8B0235D3FF0007A33F7 /* Info.plist */ = {isa = PBXFileReference; lastKnownFileType = text.plist.xml; path = Info.plist; sourceTree = "<group>"; };
		79FECAA2C44D0B23B8C5986A /* Pods-TestMLeaksFinder.release.xcconfig */ = {isa = PBXFileReference; includeInIndex = 1; lastKnownFileType = text.xcconfig; name = "Pods-TestMLeaksFinder.release.xcconfig"; path = "Target Support Files/Pods-TestMLeaksFinder/Pods-TestMLeaksFinder.release.xcconfig"; sourceTree = "<group>"; };
		BE6D0FFE9DF8F6866C7C625B /* Pods-TestMLeaksFinder.debug.xcconfig */ = {isa = PBXFileReference; includeInIndex = 1; lastKnownFileType = text.xcconfig; name = "Pods-TestMLeaksFinder.debug.xcconfig"; path = "Target Support Files/Pods-TestMLeaksFinder/Pods-TestMLeaksFinder.debug.xcconfig"; sourceTree = "<group>"; };
/* End PBXFileReference section */

/* Begin PBXFrameworksBuildPhase section */
		2771B89C235D3FEE007A33F7 /* Frameworks */ = {
			isa = PBXFrameworksBuildPhase;
			buildActionMask = 2147483647;
			files = (
				CBBAC36EFF54297BBB2BB615 /* Pods_TestMLeaksFinder.framework in Frameworks */,
			);
			runOnlyForDeploymentPostprocessing = 0;
		};
/* End PBXFrameworksBuildPhase section */

/* Begin PBXGroup section */
		06DC04048FF943AC981DB588 /* Pods */ = {
			isa = PBXGroup;
			children = (
				BE6D0FFE9DF8F6866C7C625B /* Pods-TestMLeaksFinder.debug.xcconfig */,
				79FECAA2C44D0B23B8C5986A /* Pods-TestMLeaksFinder.release.xcconfig */,
			);
			path = Pods;
			sourceTree = "<group>";
		};
		2771B896235D3FEE007A33F7 = {
			isa = PBXGroup;
			children = (
				2771B8A1235D3FEE007A33F7 /* TestMLeaksFinder */,
				2771B8A0235D3FEE007A33F7 /* Products */,
				06DC04048FF943AC981DB588 /* Pods */,
				CD52A5AEE50CA9F8BF01EEC9 /* Frameworks */,
			);
			sourceTree = "<group>";
		};
		2771B8A0235D3FEE007A33F7 /* Products */ = {
			isa = PBXGroup;
			children = (
				2771B89F235D3FEE007A33F7 /* TestMLeaksFinder.app */,
			);
			name = Products;
			sourceTree = "<group>";
		};
		2771B8A1235D3FEE007A33F7 /* TestMLeaksFinder */ = {
			isa = PBXGroup;
			children = (
				2771B8A2235D3FEE007A33F7 /* AppDelegate.swift */,
				2771B8A6235D3FEE007A33F7 /* ViewController.swift */,
				2771B8A8235D3FEE007A33F7 /* Main.storyboard */,
				2771B8AB235D3FF0007A33F7 /* Assets.xcassets */,
				2771B8AD235D3FF0007A33F7 /* LaunchScreen.storyboard */,
				2771B8B0235D3FF0007A33F7 /* Info.plist */,
			);
			path = TestMLeaksFinder;
			sourceTree = "<group>";
		};
		CD52A5AEE50CA9F8BF01EEC9 /* Frameworks */ = {
			isa = PBXGroup;
			children = (
				1D245D4C737DB3CACCE0CB46 /* Pods_TestMLeaksFinder.framework */,
			);
			name = Frameworks;
			sourceTree = "<group>";
		};
/* End PBXGroup section */

/* Begin PBXNativeTarget section */
		2771B89E235D3FEE007A33F7 /* TestMLeaksFinder */ = {
			isa = PBXNativeTarget;
			buildConfigurationList = 2771B8B3235D3FF0007A33F7 /* Build configuration list for PBXNativeTarget "TestMLeaksFinder" */;
			buildPhases = (
				DA3750D2868A929DB8E90069 /* [CP] Check Pods Manifest.lock */,
				2771B89B235D3FEE007A33F7 /* Sources */,
				2771B89C235D3FEE007A33F7 /* Frameworks */,
				2771B89D235D3FEE007A33F7 /* Resources */,
				6138698E5705E5A7868D62A0 /* [CP] Embed Pods Frameworks */,
			);
			buildRules = (
			);
			dependencies = (
			);
			name = TestMLeaksFinder;
			productName = TestMLeaksFinder;
			productReference = 2771B89F235D3FEE007A33F7 /* TestMLeaksFinder.app */;
			productType = "com.apple.product-type.application";
		};
/* End PBXNativeTarget section */

/* Begin PBXProject section */
		2771B897235D3FEE007A33F7 /* Project object */ = {
			isa = PBXProject;
			attributes = {
				LastSwiftUpdateCheck = 1110;
				LastUpgradeCheck = 1110;
				ORGANIZATIONNAME = "Ning Li";
				TargetAttributes = {
					2771B89E235D3FEE007A33F7 = {
						CreatedOnToolsVersion = 11.1;
					};
				};
			};
			buildConfigurationList = 2771B89A235D3FEE007A33F7 /* Build configuration list for PBXProject "TestMLeaksFinder" */;
			compatibilityVersion = "Xcode 9.3";
			developmentRegion = en;
			hasScannedForEncodings = 0;
			knownRegions = (
				en,
				Base,
			);
			mainGroup = 2771B896235D3FEE007A33F7;
			productRefGroup = 2771B8A0235D3FEE007A33F7 /* Products */;
			projectDirPath = "";
			projectRoot = "";
			targets = (
				2771B89E235D3FEE007A33F7 /* TestMLeaksFinder */,
			);
		};
/* End PBXProject section */

/* Begin PBXResourcesBuildPhase section */
		2771B89D235D3FEE007A33F7 /* Resources */ = {
			isa = PBXResourcesBuildPhase;
			buildActionMask = 2147483647;
			files = (
				2771B8AF235D3FF0007A33F7 /* LaunchScreen.storyboard in Resources */,
				2771B8AC235D3FF0007A33F7 /* Assets.xcassets in Resources */,
				2771B8AA235D3FEE007A33F7 /* Main.storyboard in Resources */,
			);
			runOnlyForDeploymentPostprocessing = 0;
		};
/* End PBXResourcesBuildPhase section */

/* Begin PBXShellScriptBuildPhase section */
		6138698E5705E5A7868D62A0 /* [CP] Embed Pods Frameworks */ = {
			isa = PBXShellScriptBuildPhase;
			buildActionMask = 2147483647;
			files = (
			);
			inputFileListPaths = (
			);
			inputPaths = (
				"${PODS_ROOT}/Target Support Files/Pods-TestMLeaksFinder/Pods-TestMLeaksFinder-frameworks.sh",
				"${BUILT_PRODUCTS_DIR}/FBRetainCycleDetector/FBRetainCycleDetector.framework",
				"${BUILT_PRODUCTS_DIR}/MLeaksFinder/MLeaksFinder.framework",
			);
			name = "[CP] Embed Pods Frameworks";
			outputFileListPaths = (
			);
			outputPaths = (
				"${TARGET_BUILD_DIR}/${FRAMEWORKS_FOLDER_PATH}/FBRetainCycleDetector.framework",
				"${TARGET_BUILD_DIR}/${FRAMEWORKS_FOLDER_PATH}/MLeaksFinder.framework",
			);
			runOnlyForDeploymentPostprocessing = 0;
			shellPath = /bin/sh;
			shellScript = "\"${PODS_ROOT}/Target Support Files/Pods-TestMLeaksFinder/Pods-TestMLeaksFinder-frameworks.sh\"\n";
			showEnvVarsInLog = 0;
		};
		DA3750D2868A929DB8E90069 /* [CP] Check Pods Manifest.lock */ = {
			isa = PBXShellScriptBuildPhase;
			buildActionMask = 2147483647;
			files = (
			);
			inputFileListPaths = (
			);
			inputPaths = (
				"${PODS_PODFILE_DIR_PATH}/Podfile.lock",
				"${PODS_ROOT}/Manifest.lock",
			);
			name = "[CP] Check Pods Manifest.lock";
			outputFileListPaths = (
			);
			outputPaths = (
				"$(DERIVED_FILE_DIR)/Pods-TestMLeaksFinder-checkManifestLockResult.txt",
			);
			runOnlyForDeploymentPostprocessing = 0;
			shellPath = /bin/sh;
			shellScript = "diff \"${PODS_PODFILE_DIR_PATH}/Podfile.lock\" \"${PODS_ROOT}/Manifest.lock\" > /dev/null\nif [ $? != 0 ] ; then\n    # print error to STDERR\n    echo \"error: The sandbox is not in sync with the Podfile.lock. Run 'pod install' or update your CocoaPods installation.\" >&2\n    exit 1\nfi\n# This output is used by Xcode 'outputs' to avoid re-running this script phase.\necho \"SUCCESS\" > \"${SCRIPT_OUTPUT_FILE_0}\"\n";
			showEnvVarsInLog = 0;
		};
/* End PBXShellScriptBuildPhase section */

/* Begin PBXSourcesBuildPhase section */
		2771B89B235D3FEE007A33F7 /* Sources */ = {
			isa = PBXSourcesBuildPhase;
			buildActionMask = 2147483647;
			files = (
				2771B8A7235D3FEE007A33F7 /* ViewController.swift in Sources */,
				2771B8A3235D3FEE007A33F7 /* AppDelegate.swift in Sources */,
			);
			runOnlyForDeploymentPostprocessing = 0;
		};
/* End PBXSourcesBuildPhase section */

/* Begin PBXVariantGroup section */
		2771B8A8235D3FEE007A33F7 /* Main.storyboard */ = {
			isa = PBXVariantGroup;
			children = (
				2771B8A9235D3FEE007A33F7 /* Base */,
			);
			name = Main.storyboard;
			sourceTree = "<group>";
		};
		2771B8AD235D3FF0007A33F7 /* LaunchScreen.storyboard */ = {
			isa = PBXVariantGroup;
			children = (
				2771B8AE235D3FF0007A33F7 /* Base */,
			);
			name = LaunchScreen.storyboard;
			sourceTree = "<group>";
		};
/* End PBXVariantGroup section */

/* Begin XCBuildConfiguration section */
		2771B8B1235D3FF0007A33F7 /* Debug */ = {
			isa = XCBuildConfiguration;
			buildSettings = {
				ALWAYS_SEARCH_USER_PATHS = NO;
				CLANG_ANALYZER_NONNULL = YES;
				CLANG_ANALYZER_NUMBER_OBJECT_CONVERSION = YES_AGGRESSIVE;
				CLANG_CXX_LANGUAGE_STANDARD = "gnu++14";
				CLANG_CXX_LIBRARY = "libc++";
				CLANG_ENABLE_MODULES = YES;
				CLANG_ENABLE_OBJC_ARC = YES;
				CLANG_ENABLE_OBJC_WEAK = YES;
				CLANG_WARN_BLOCK_CAPTURE_AUTORELEASING = YES;
				CLANG_WARN_BOOL_CONVERSION = YES;
				CLANG_WARN_COMMA = YES;
				CLANG_WARN_CONSTANT_CONVERSION = YES;
				CLANG_WARN_DEPRECATED_OBJC_IMPLEMENTATIONS = YES;
				CLANG_WARN_DIRECT_OBJC_ISA_USAGE = YES_ERROR;
				CLANG_WARN_DOCUMENTATION_COMMENTS = YES;
				CLANG_WARN_EMPTY_BODY = YES;
				CLANG_WARN_ENUM_CONVERSION = YES;
				CLANG_WARN_INFINITE_RECURSION = YES;
				CLANG_WARN_INT_CONVERSION = YES;
				CLANG_WARN_NON_LITERAL_NULL_CONVERSION = YES;
				CLANG_WARN_OBJC_IMPLICIT_RETAIN_SELF = YES;
				CLANG_WARN_OBJC_LITERAL_CONVERSION = YES;
				CLANG_WARN_OBJC_ROOT_CLASS = YES_ERROR;
				CLANG_WARN_RANGE_LOOP_ANALYSIS = YES;
				CLANG_WARN_STRICT_PROTOTYPES = YES;
				CLANG_WARN_SUSPICIOUS_MOVE = YES;
				CLANG_WARN_UNGUARDED_AVAILABILITY = YES_AGGRESSIVE;
				CLANG_WARN_UNREACHABLE_CODE = YES;
				CLANG_WARN__DUPLICATE_METHOD_MATCH = YES;
				COPY_PHASE_STRIP = NO;
				DEBUG_INFORMATION_FORMAT = dwarf;
				ENABLE_STRICT_OBJC_MSGSEND = YES;
				ENABLE_TESTABILITY = YES;
				GCC_C_LANGUAGE_STANDARD = gnu11;
				GCC_DYNAMIC_NO_PIC = NO;
				GCC_NO_COMMON_BLOCKS = YES;
				GCC_OPTIMIZATION_LEVEL = 0;
				GCC_PREPROCESSOR_DEFINITIONS = (
					"DEBUG=1",
					"$(inherited)",
				);
				GCC_WARN_64_TO_32_BIT_CONVERSION = YES;
				GCC_WARN_ABOUT_RETURN_TYPE = YES_ERROR;
				GCC_WARN_UNDECLARED_SELECTOR = YES;
				GCC_WARN_UNINITIALIZED_AUTOS = YES_AGGRESSIVE;
				GCC_WARN_UNUSED_FUNCTION = YES;
				GCC_WARN_UNUSED_VARIABLE = YES;
				IPHONEOS_DEPLOYMENT_TARGET = 13.1;
				MTL_ENABLE_DEBUG_INFO = INCLUDE_SOURCE;
				MTL_FAST_MATH = YES;
				ONLY_ACTIVE_ARCH = YES;
				SDKROOT = iphoneos;
				SWIFT_ACTIVE_COMPILATION_CONDITIONS = DEBUG;
				SWIFT_OPTIMIZATION_LEVEL = "-Onone";
			};
			name = Debug;
		};
		2771B8B2235D3FF0007A33F7 /* Release */ = {
			isa = XCBuildConfiguration;
			buildSettings = {
				ALWAYS_SEARCH_USER_PATHS = NO;
				CLANG_ANALYZER_NONNULL = YES;
				CLANG_ANALYZER_NUMBER_OBJECT_CONVERSION = YES_AGGRESSIVE;
				CLANG_CXX_LANGUAGE_STANDARD = "gnu++14";
				CLANG_CXX_LIBRARY = "libc++";
				CLANG_ENABLE_MODULES = YES;
				CLANG_ENABLE_OBJC_ARC = YES;
				CLANG_ENABLE_OBJC_WEAK = YES;
				CLANG_WARN_BLOCK_CAPTURE_AUTORELEASING = YES;
				CLANG_WARN_BOOL_CONVERSION = YES;
				CLANG_WARN_COMMA = YES;
				CLANG_WARN_CONSTANT_CONVERSION = YES;
				CLANG_WARN_DEPRECATED_OBJC_IMPLEMENTATIONS = YES;
				CLANG_WARN_DIRECT_OBJC_ISA_USAGE = YES_ERROR;
				CLANG_WARN_DOCUMENTATION_COMMENTS = YES;
				CLANG_WARN_EMPTY_BODY = YES;
				CLANG_WARN_ENUM_CONVERSION = YES;
				CLANG_WARN_INFINITE_RECURSION = YES;
				CLANG_WARN_INT_CONVERSION = YES;
				CLANG_WARN_NON_LITERAL_NULL_CONVERSION = YES;
				CLANG_WARN_OBJC_IMPLICIT_RETAIN_SELF = YES;
				CLANG_WARN_OBJC_LITERAL_CONVERSION = YES;
				CLANG_WARN_OBJC_ROOT_CLASS = YES_ERROR;
				CLANG_WARN_RANGE_LOOP_ANALYSIS = YES;
				CLANG_WARN_STRICT_PROTOTYPES = YES;
				CLANG_WARN_SUSPICIOUS_MOVE = YES;
				CLANG_WARN_UNGUARDED_AVAILABILITY = YES_AGGRESSIVE;
				CLANG_WARN_UNREACHABLE_CODE = YES;
				CLANG_WARN__DUPLICATE_METHOD_MATCH = YES;
				COPY_PHASE_STRIP = NO;
				DEBUG_INFORMATION_FORMAT = "dwarf-with-dsym";
				ENABLE_NS_ASSERTIONS = NO;
				ENABLE_STRICT_OBJC_MSGSEND = YES;
				GCC_C_LANGUAGE_STANDARD = gnu11;
				GCC_NO_COMMON_BLOCKS = YES;
				GCC_WARN_64_TO_32_BIT_CONVERSION = YES;
				GCC_WARN_ABOUT_RETURN_TYPE = YES_ERROR;
				GCC_WARN_UNDECLARED_SELECTOR = YES;
				GCC_WARN_UNINITIALIZED_AUTOS = YES_AGGRESSIVE;
				GCC_WARN_UNUSED_FUNCTION = YES;
				GCC_WARN_UNUSED_VARIABLE = YES;
				IPHONEOS_DEPLOYMENT_TARGET = 13.1;
				MTL_ENABLE_DEBUG_INFO = NO;
				MTL_FAST_MATH = YES;
				SDKROOT = iphoneos;
				SWIFT_COMPILATION_MODE = wholemodule;
				SWIFT_OPTIMIZATION_LEVEL = "-O";
				VALIDATE_PRODUCT = YES;
			};
			name = Release;
		};
		2771B8B4235D3FF0007A33F7 /* Debug */ = {
			isa = XCBuildConfiguration;
			baseConfigurationReference = BE6D0FFE9DF8F6866C7C625B /* Pods-TestMLeaksFinder.debug.xcconfig */;
			buildSettings = {
				ASSETCATALOG_COMPILER_APPICON_NAME = AppIcon;
				CODE_SIGN_STYLE = Automatic;
				DEVELOPMENT_TEAM = 855B44VF85;
				INFOPLIST_FILE = TestMLeaksFinder/Info.plist;
				IPHONEOS_DEPLOYMENT_TARGET = 10.0;
				LD_RUNPATH_SEARCH_PATHS = (
					"$(inherited)",
					"@executable_path/Frameworks",
				);
				PRODUCT_BUNDLE_IDENTIFIER = com.NingLi.TestMLeaksFinder;
				PRODUCT_NAME = "$(TARGET_NAME)";
				SWIFT_VERSION = 5.0;
				TARGETED_DEVICE_FAMILY = "1,2";
			};
			name = Debug;
		};
		2771B8B5235D3FF0007A33F7 /* Release */ = {
			isa = XCBuildConfiguration;
			baseConfigurationReference = 79FECAA2C44D0B23B8C5986A /* Pods-TestMLeaksFinder.release.xcconfig */;
			buildSettings = {
				ASSETCATALOG_COMPILER_APPICON_NAME = AppIcon;
				CODE_SIGN_STYLE = Automatic;
				DEVELOPMENT_TEAM = 855B44VF85;
				INFOPLIST_FILE = TestMLeaksFinder/Info.plist;
				IPHONEOS_DEPLOYMENT_TARGET = 10.0;
				LD_RUNPATH_SEARCH_PATHS = (
					"$(inherited)",
					"@executable_path/Frameworks",
				);
				PRODUCT_BUNDLE_IDENTIFIER = com.NingLi.TestMLeaksFinder;
				PRODUCT_NAME = "$(TARGET_NAME)";
				SWIFT_VERSION = 5.0;
				TARGETED_DEVICE_FAMILY = "1,2";
			};
			name = Release;
		};
/* End XCBuildConfiguration section */

/* Begin XCConfigurationList section */
		2771B89A235D3FEE007A33F7 /* Build configuration list for PBXProject "TestMLeaksFinder" */ = {
			isa = XCConfigurationList;
			buildConfigurations = (
				2771B8B1235D3FF0007A33F7 /* Debug */,
				2771B8B2235D3FF0007A33F7 /* Release */,
			);
			defaultConfigurationIsVisible = 0;
			defaultConfigurationName = Release;
		};
		2771B8B3235D3FF0007A33F7 /* Build configuration list for PBXNativeTarget "TestMLeaksFinder" */ = {
			isa = XCConfigurationList;
			buildConfigurations = (
				2771B8B4235D3FF0007A33F7 /* Debug */,
				2771B8B5235D3FF0007A33F7 /* Release */,
			);
			defaultConfigurationIsVisible = 0;
			defaultConfigurationName = Release;
		};
/* End XCConfigurationList section */
	};
	rootObject = 2771B897235D3FEE007A33F7 /* Project object */;
}
