// !$*UTF8*$!
{
	archiveVersion = 1;
	classes = {
	};
	objectVersion = 52;
	objects = {

/* Begin PBXBuildFile section */
		270EA8EF2395EA4700CD0F46 /* AppDelegate.swift in Sources */ = {isa = PBXBuildFile; fileRef = 270EA8EE2395EA4700CD0F46 /* AppDelegate.swift */; };
		270EA8F12395EA4700CD0F46 /* SceneDelegate.swift in Sources */ = {isa = PBXBuildFile; fileRef = 270EA8F02395EA4700CD0F46 /* SceneDelegate.swift */; };
		270EA8F32395EA4700CD0F46 /* ViewController.swift in Sources */ = {isa = PBXBuildFile; fileRef = 270EA8F22395EA4700CD0F46 /* ViewController.swift */; };
		270EA8F62395EA4700CD0F46 /* Main.storyboard in Resources */ = {isa = PBXBuildFile; fileRef = 270EA8F42395EA4700CD0F46 /* Main.storyboard */; };
		270EA8F82395EA4900CD0F46 /* Assets.xcassets in Resources */ = {isa = PBXBuildFile; fileRef = 270EA8F72395EA4900CD0F46 /* Assets.xcassets */; };
		270EA8FB2395EA4900CD0F46 /* LaunchScreen.storyboard in Resources */ = {isa = PBXBuildFile; fileRef = 270EA8F92395EA4900CD0F46 /* LaunchScreen.storyboard */; };
		270EA9042395ED2200CD0F46 /* Alamofire in Frameworks */ = {isa = PBXBuildFile; productRef = 270EA9032395ED2200CD0F46 /* Alamofire */; };
/* End PBXBuildFile section */

/* Begin PBXFileReference section */
		270EA8EB2395EA4700CD0F46 /* TestSwiftPM.app */ = {isa = PBXFileReference; explicitFileType = wrapper.application; includeInIndex = 0; path = TestSwiftPM.app; sourceTree = BUILT_PRODUCTS_DIR; };
		270EA8EE2395EA4700CD0F46 /* AppDelegate.swift */ = {isa = PBXFileReference; lastKnownFileType = sourcecode.swift; path = AppDelegate.swift; sourceTree = "<group>"; };
		270EA8F02395EA4700CD0F46 /* SceneDelegate.swift */ = {isa = PBXFileReference; lastKnownFileType = sourcecode.swift; path = SceneDelegate.swift; sourceTree = "<group>"; };
		270EA8F22395EA4700CD0F46 /* ViewController.swift */ = {isa = PBXFileReference; lastKnownFileType = sourcecode.swift; path = ViewController.swift; sourceTree = "<group>"; };
		270EA8F52395EA4700CD0F46 /* Base */ = {isa = PBXFileReference; lastKnownFileType = file.storyboard; name = Base; path = Base.lproj/Main.storyboard; sourceTree = "<group>"; };
		270EA8F72395EA4900CD0F46 /* Assets.xcassets */ = {isa = PBXFileReference; lastKnownFileType = folder.assetcatalog; path = Assets.xcassets; sourceTree = "<group>"; };
		270EA8FA2395EA4900CD0F46 /* Base */ = {isa = PBXFileReference; lastKnownFileType = file.storyboard; name = Base; path = Base.lproj/LaunchScreen.storyboard; sourceTree = "<group>"; };
		270EA8FC2395EA4900CD0F46 /* Info.plist */ = {isa = PBXFileReference; lastKnownFileType = text.plist.xml; path = Info.plist; sourceTree = "<group>"; };
/* End PBXFileReference section */

/* Begin PBXFrameworksBuildPhase section */
		270EA8E82395EA4700CD0F46 /* Frameworks */ = {
			isa = PBXFrameworksBuildPhase;
			buildActionMask = 2147483647;
			files = (
				270EA9042395ED2200CD0F46 /* Alamofire in Frameworks */,
			);
			runOnlyForDeploymentPostprocessing = 0;
		};
/* End PBXFrameworksBuildPhase section */

/* Begin PBXGroup section */
		270EA8E22395EA4700CD0F46 = {
			isa = PBXGroup;
			children = (
				270EA8ED2395EA4700CD0F46 /* TestSwiftPM */,
				270EA8EC2395EA4700CD0F46 /* Products */,
			);
			sourceTree = "<group>";
		};
		270EA8EC2395EA4700CD0F46 /* Products */ = {
			isa = PBXGroup;
			children = (
				270EA8EB2395EA4700CD0F46 /* TestSwiftPM.app */,
			);
			name = Products;
			sourceTree = "<group>";
		};
		270EA8ED2395EA4700CD0F46 /* TestSwiftPM */ = {
			isa = PBXGroup;
			children = (
				270EA8EE2395EA4700CD0F46 /* AppDelegate.swift */,
				270EA8F02395EA4700CD0F46 /* SceneDelegate.swift */,
				270EA8F22395EA4700CD0F46 /* ViewController.swift */,
				270EA8F42395EA4700CD0F46 /* Main.storyboard */,
				270EA8F72395EA4900CD0F46 /* Assets.xcassets */,
				270EA8F92395EA4900CD0F46 /* LaunchScreen.storyboard */,
				270EA8FC2395EA4900CD0F46 /* Info.plist */,
			);
			path = TestSwiftPM;
			sourceTree = "<group>";
		};
/* End PBXGroup section */

/* Begin PBXNativeTarget section */
		270EA8EA2395EA4700CD0F46 /* TestSwiftPM */ = {
			isa = PBXNativeTarget;
			buildConfigurationList = 270EA8FF2395EA4900CD0F46 /* Build configuration list for PBXNativeTarget "TestSwiftPM" */;
			buildPhases = (
				270EA8E72395EA4700CD0F46 /* Sources */,
				270EA8E82395EA4700CD0F46 /* Frameworks */,
				270EA8E92395EA4700CD0F46 /* Resources */,
			);
			buildRules = (
			);
			dependencies = (
			);
			name = TestSwiftPM;
			packageProductDependencies = (
				270EA9032395ED2200CD0F46 /* Alamofire */,
			);
			productName = TestSwiftPM;
			productReference = 270EA8EB2395EA4700CD0F46 /* TestSwiftPM.app */;
			productType = "com.apple.product-type.application";
		};
/* End PBXNativeTarget section */

/* Begin PBXProject section */
		270EA8E32395EA4700CD0F46 /* Project object */ = {
			isa = PBXProject;
			attributes = {
				LastSwiftUpdateCheck = 1110;
				LastUpgradeCheck = 1110;
				ORGANIZATIONNAME = yzh;
				TargetAttributes = {
					270EA8EA2395EA4700CD0F46 = {
						CreatedOnToolsVersion = 11.1;
					};
				};
			};
			buildConfigurationList = 270EA8E62395EA4700CD0F46 /* Build configuration list for PBXProject "TestSwiftPM" */;
			compatibilityVersion = "Xcode 9.3";
			developmentRegion = en;
			hasScannedForEncodings = 0;
			knownRegions = (
				en,
				Base,
			);
			mainGroup = 270EA8E22395EA4700CD0F46;
			packageReferences = (
				270EA9022395ED2200CD0F46 /* XCRemoteSwiftPackageReference "Alamofire" */,
			);
			productRefGroup = 270EA8EC2395EA4700CD0F46 /* Products */;
			projectDirPath = "";
			projectRoot = "";
			targets = (
				270EA8EA2395EA4700CD0F46 /* TestSwiftPM */,
			);
		};
/* End PBXProject section */

/* Begin PBXResourcesBuildPhase section */
		270EA8E92395EA4700CD0F46 /* Resources */ = {
			isa = PBXResourcesBuildPhase;
			buildActionMask = 2147483647;
			files = (
				270EA8FB2395EA4900CD0F46 /* LaunchScreen.storyboard in Resources */,
				270EA8F82395EA4900CD0F46 /* Assets.xcassets in Resources */,
				270EA8F62395EA4700CD0F46 /* Main.storyboard in Resources */,
			);
			runOnlyForDeploymentPostprocessing = 0;
		};
/* End PBXResourcesBuildPhase section */

/* Begin PBXSourcesBuildPhase section */
		270EA8E72395EA4700CD0F46 /* Sources */ = {
			isa = PBXSourcesBuildPhase;
			buildActionMask = 2147483647;
			files = (
				270EA8F32395EA4700CD0F46 /* ViewController.swift in Sources */,
				270EA8EF2395EA4700CD0F46 /* AppDelegate.swift in Sources */,
				270EA8F12395EA4700CD0F46 /* SceneDelegate.swift in Sources */,
			);
			runOnlyForDeploymentPostprocessing = 0;
		};
/* End PBXSourcesBuildPhase section */

/* Begin PBXVariantGroup section */
		270EA8F42395EA4700CD0F46 /* Main.storyboard */ = {
			isa = PBXVariantGroup;
			children = (
				270EA8F52395EA4700CD0F46 /* Base */,
			);
			name = Main.storyboard;
			sourceTree = "<group>";
		};
		270EA8F92395EA4900CD0F46 /* LaunchScreen.storyboard */ = {
			isa = PBXVariantGroup;
			children = (
				270EA8FA2395EA4900CD0F46 /* Base */,
			);
			name = LaunchScreen.storyboard;
			sourceTree = "<group>";
		};
/* End PBXVariantGroup section */

/* Begin XCBuildConfiguration section */
		270EA8FD2395EA4900CD0F46 /* Debug */ = {
			isa = XCBuildConfiguration;
			buildSettings = {
				ALWAYS_SEARCH_USER_PATHS = NO;
				CLANG_ANALYZER_NONNULL = YES;
				CLANG_ANALYZER_NUMBER_OBJECT_CONVERSION = YES_AGGRESSIVE;
				CLANG_CXX_LANGUAGE_STANDARD = "gnu++14";
				CLANG_CXX_LIBRARY = "libc++";
				CLANG_ENABLE_MODULES = YES;
				CLANG_ENABLE_OBJC_ARC = YES;
				CLANG_ENABLE_OBJC_WEAK = YES;
				CLANG_WARN_BLOCK_CAPTURE_AUTORELEASING = YES;
				CLANG_WARN_BOOL_CONVERSION = YES;
				CLANG_WARN_COMMA = YES;
				CLANG_WARN_CONSTANT_CONVERSION = YES;
				CLANG_WARN_DEPRECATED_OBJC_IMPLEMENTATIONS = YES;
				CLANG_WARN_DIRECT_OBJC_ISA_USAGE = YES_ERROR;
				CLANG_WARN_DOCUMENTATION_COMMENTS = YES;
				CLANG_WARN_EMPTY_BODY = YES;
				CLANG_WARN_ENUM_CONVERSION = YES;
				CLANG_WARN_INFINITE_RECURSION = YES;
				CLANG_WARN_INT_CONVERSION = YES;
				CLANG_WARN_NON_LITERAL_NULL_CONVERSION = YES;
				CLANG_WARN_OBJC_IMPLICIT_RETAIN_SELF = YES;
				CLANG_WARN_OBJC_LITERAL_CONVERSION = YES;
				CLANG_WARN_OBJC_ROOT_CLASS = YES_ERROR;
				CLANG_WARN_RANGE_LOOP_ANALYSIS = YES;
				CLANG_WARN_STRICT_PROTOTYPES = YES;
				CLANG_WARN_SUSPICIOUS_MOVE = YES;
				CLANG_WARN_UNGUARDED_AVAILABILITY = YES_AGGRESSIVE;
				CLANG_WARN_UNREACHABLE_CODE = YES;
				CLANG_WARN__DUPLICATE_METHOD_MATCH = YES;
				COPY_PHASE_STRIP = NO;
				DEBUG_INFORMATION_FORMAT = dwarf;
				ENABLE_STRICT_OBJC_MSGSEND = YES;
				ENABLE_TESTABILITY = YES;
				GCC_C_LANGUAGE_STANDARD = gnu11;
				GCC_DYNAMIC_NO_PIC = NO;
				GCC_NO_COMMON_BLOCKS = YES;
				GCC_OPTIMIZATION_LEVEL = 0;
				GCC_PREPROCESSOR_DEFINITIONS = (
					"DEBUG=1",
					"$(inherited)",
				);
				GCC_WARN_64_TO_32_BIT_CONVERSION = YES;
				GCC_WARN_ABOUT_RETURN_TYPE = YES_ERROR;
				GCC_WARN_UNDECLARED_SELECTOR = YES;
				GCC_WARN_UNINITIALIZED_AUTOS = YES_AGGRESSIVE;
				GCC_WARN_UNUSED_FUNCTION = YES;
				GCC_WARN_UNUSED_VARIABLE = YES;
				IPHONEOS_DEPLOYMENT_TARGET = 13.1;
				MTL_ENABLE_DEBUG_INFO = INCLUDE_SOURCE;
				MTL_FAST_MATH = YES;
				ONLY_ACTIVE_ARCH = YES;
				SDKROOT = iphoneos;
				SWIFT_ACTIVE_COMPILATION_CONDITIONS = DEBUG;
				SWIFT_OPTIMIZATION_LEVEL = "-Onone";
			};
			name = Debug;
		};
		270EA8FE2395EA4900CD0F46 /* Release */ = {
			isa = XCBuildConfiguration;
			buildSettings = {
				ALWAYS_SEARCH_USER_PATHS = NO;
				CLANG_ANALYZER_NONNULL = YES;
				CLANG_ANALYZER_NUMBER_OBJECT_CONVERSION = YES_AGGRESSIVE;
				CLANG_CXX_LANGUAGE_STANDARD = "gnu++14";
				CLANG_CXX_LIBRARY = "libc++";
				CLANG_ENABLE_MODULES = YES;
				CLANG_ENABLE_OBJC_ARC = YES;
				CLANG_ENABLE_OBJC_WEAK = YES;
				CLANG_WARN_BLOCK_CAPTURE_AUTORELEASING = YES;
				CLANG_WARN_BOOL_CONVERSION = YES;
				CLANG_WARN_COMMA = YES;
				CLANG_WARN_CONSTANT_CONVERSION = YES;
				CLANG_WARN_DEPRECATED_OBJC_IMPLEMENTATIONS = YES;
				CLANG_WARN_DIRECT_OBJC_ISA_USAGE = YES_ERROR;
				CLANG_WARN_DOCUMENTATION_COMMENTS = YES;
				CLANG_WARN_EMPTY_BODY = YES;
				CLANG_WARN_ENUM_CONVERSION = YES;
				CLANG_WARN_INFINITE_RECURSION = YES;
				CLANG_WARN_INT_CONVERSION = YES;
				CLANG_WARN_NON_LITERAL_NULL_CONVERSION = YES;
				CLANG_WARN_OBJC_IMPLICIT_RETAIN_SELF = YES;
				CLANG_WARN_OBJC_LITERAL_CONVERSION = YES;
				CLANG_WARN_OBJC_ROOT_CLASS = YES_ERROR;
				CLANG_WARN_RANGE_LOOP_ANALYSIS = YES;
				CLANG_WARN_STRICT_PROTOTYPES = YES;
				CLANG_WARN_SUSPICIOUS_MOVE = YES;
				CLANG_WARN_UNGUARDED_AVAILABILITY = YES_AGGRESSIVE;
				CLANG_WARN_UNREACHABLE_CODE = YES;
				CLANG_WARN__DUPLICATE_METHOD_MATCH = YES;
				COPY_PHASE_STRIP = NO;
				DEBUG_INFORMATION_FORMAT = "dwarf-with-dsym";
				ENABLE_NS_ASSERTIONS = NO;
				ENABLE_STRICT_OBJC_MSGSEND = YES;
				GCC_C_LANGUAGE_STANDARD = gnu11;
				GCC_NO_COMMON_BLOCKS = YES;
				GCC_WARN_64_TO_32_BIT_CONVERSION = YES;
				GCC_WARN_ABOUT_RETURN_TYPE = YES_ERROR;
				GCC_WARN_UNDECLARED_SELECTOR = YES;
				GCC_WARN_UNINITIALIZED_AUTOS = YES_AGGRESSIVE;
				GCC_WARN_UNUSED_FUNCTION = YES;
				GCC_WARN_UNUSED_VARIABLE = YES;
				IPHONEOS_DEPLOYMENT_TARGET = 13.1;
				MTL_ENABLE_DEBUG_INFO = NO;
				MTL_FAST_MATH = YES;
				SDKROOT = iphoneos;
				SWIFT_COMPILATION_MODE = wholemodule;
				SWIFT_OPTIMIZATION_LEVEL = "-O";
				VALIDATE_PRODUCT = YES;
			};
			name = Release;
		};
		270EA9002395EA4900CD0F46 /* Debug */ = {
			isa = XCBuildConfiguration;
			buildSettings = {
				ASSETCATALOG_COMPILER_APPICON_NAME = AppIcon;
				CODE_SIGN_STYLE = Automatic;
				DEVELOPMENT_TEAM = 855B44VF85;
				INFOPLIST_FILE = TestSwiftPM/Info.plist;
				LD_RUNPATH_SEARCH_PATHS = (
					"$(inherited)",
					"@executable_path/Frameworks",
				);
				PRODUCT_BUNDLE_IDENTIFIER = com.NingLi.TestSwiftPM;
				PRODUCT_NAME = "$(TARGET_NAME)";
				SWIFT_VERSION = 5.0;
				TARGETED_DEVICE_FAMILY = "1,2";
			};
			name = Debug;
		};
		270EA9012395EA4900CD0F46 /* Release */ = {
			isa = XCBuildConfiguration;
			buildSettings = {
				ASSETCATALOG_COMPILER_APPICON_NAME = AppIcon;
				CODE_SIGN_STYLE = Automatic;
				DEVELOPMENT_TEAM = 855B44VF85;
				INFOPLIST_FILE = TestSwiftPM/Info.plist;
				LD_RUNPATH_SEARCH_PATHS = (
					"$(inherited)",
					"@executable_path/Frameworks",
				);
				PRODUCT_BUNDLE_IDENTIFIER = com.NingLi.TestSwiftPM;
				PRODUCT_NAME = "$(TARGET_NAME)";
				SWIFT_VERSION = 5.0;
				TARGETED_DEVICE_FAMILY = "1,2";
			};
			name = Release;
		};
/* End XCBuildConfiguration section */

/* Begin XCConfigurationList section */
		270EA8E62395EA4700CD0F46 /* Build configuration list for PBXProject "TestSwiftPM" */ = {
			isa = XCConfigurationList;
			buildConfigurations = (
				270EA8FD2395EA4900CD0F46 /* Debug */,
				270EA8FE2395EA4900CD0F46 /* Release */,
			);
			defaultConfigurationIsVisible = 0;
			defaultConfigurationName = Release;
		};
		270EA8FF2395EA4900CD0F46 /* Build configuration list for PBXNativeTarget "TestSwiftPM" */ = {
			isa = XCConfigurationList;
			buildConfigurations = (
				270EA9002395EA4900CD0F46 /* Debug */,
				270EA9012395EA4900CD0F46 /* Release */,
			);
			defaultConfigurationIsVisible = 0;
			defaultConfigurationName = Release;
		};
/* End XCConfigurationList section */

/* Begin XCRemoteSwiftPackageReference section */
		270EA9022395ED2200CD0F46 /* XCRemoteSwiftPackageReference "Alamofire" */ = {
			isa = XCRemoteSwiftPackageReference;
			repositoryURL = "https://github.com/Alamofire/Alamofire.git";
			requirement = {
				branch = master;
				kind = branch;
			};
		};
/* End XCRemoteSwiftPackageReference section */

/* Begin XCSwiftPackageProductDependency section */
		270EA9032395ED2200CD0F46 /* Alamofire */ = {
			isa = XCSwiftPackageProductDependency;
			package = 270EA9022395ED2200CD0F46 /* XCRemoteSwiftPackageReference "Alamofire" */;
			productName = Alamofire;
		};
/* End XCSwiftPackageProductDependency section */
	};
	rootObject = 270EA8E32395EA4700CD0F46 /* Project object */;
}
