// !$*UTF8*$!
{
	archiveVersion = 1;
	classes = {
	};
	objectVersion = 50;
	objects = {

/* Begin PBXBuildFile section */
		2716C27322657A4D00B45A56 /* AppDelegate.swift in Sources */ = {isa = PBXBuildFile; fileRef = 2716C27222657A4D00B45A56 /* AppDelegate.swift */; };
		2716C27522657A4D00B45A56 /* ViewController.swift in Sources */ = {isa = PBXBuildFile; fileRef = 2716C27422657A4D00B45A56 /* ViewController.swift */; };
		2716C27822657A4D00B45A56 /* Main.storyboard in Resources */ = {isa = PBXBuildFile; fileRef = 2716C27622657A4D00B45A56 /* Main.storyboard */; };
		2716C27A22657A4F00B45A56 /* Assets.xcassets in Resources */ = {isa = PBXBuildFile; fileRef = 2716C27922657A4F00B45A56 /* Assets.xcassets */; };
		2716C27D22657A4F00B45A56 /* LaunchScreen.storyboard in Resources */ = {isa = PBXBuildFile; fileRef = 2716C27B22657A4F00B45A56 /* LaunchScreen.storyboard */; };
		2716C3332265849700B45A56 /* LLSimpleCamera+Helper.m in Sources */ = {isa = PBXBuildFile; fileRef = 2716C32D2265849700B45A56 /* LLSimpleCamera+Helper.m */; };
		2716C3342265849700B45A56 /* LLSimpleCamera.m in Sources */ = {isa = PBXBuildFile; fileRef = 2716C3312265849700B45A56 /* LLSimpleCamera.m */; };
		2716C3352265849700B45A56 /* UIImage+FixOrientation.m in Sources */ = {isa = PBXBuildFile; fileRef = 2716C3322265849700B45A56 /* UIImage+FixOrientation.m */; };
		27B3F2A32265AD87003EC363 /* SearchImageControllerViewController.swift in Sources */ = {isa = PBXBuildFile; fileRef = 27B3F2A12265AD87003EC363 /* SearchImageControllerViewController.swift */; };
		27B3F2A42265AD87003EC363 /* SearchImageControllerViewController.xib in Resources */ = {isa = PBXBuildFile; fileRef = 27B3F2A22265AD87003EC363 /* SearchImageControllerViewController.xib */; };
		27B3F2A82265AFAB003EC363 /* TKImageView.m in Sources */ = {isa = PBXBuildFile; fileRef = 27B3F2A72265AFAA003EC363 /* TKImageView.m */; };
		27B3F2AE2265C9D5003EC363 /* CountDownButton.swift in Sources */ = {isa = PBXBuildFile; fileRef = 27B3F2AD2265C9D5003EC363 /* CountDownButton.swift */; };
/* End PBXBuildFile section */

/* Begin PBXFileReference section */
		2716C26F22657A4D00B45A56 /* CustomCamera.app */ = {isa = PBXFileReference; explicitFileType = wrapper.application; includeInIndex = 0; path = CustomCamera.app; sourceTree = BUILT_PRODUCTS_DIR; };
		2716C27222657A4D00B45A56 /* AppDelegate.swift */ = {isa = PBXFileReference; lastKnownFileType = sourcecode.swift; path = AppDelegate.swift; sourceTree = "<group>"; };
		2716C27422657A4D00B45A56 /* ViewController.swift */ = {isa = PBXFileReference; lastKnownFileType = sourcecode.swift; path = ViewController.swift; sourceTree = "<group>"; };
		2716C27722657A4D00B45A56 /* Base */ = {isa = PBXFileReference; lastKnownFileType = file.storyboard; name = Base; path = Base.lproj/Main.storyboard; sourceTree = "<group>"; };
		2716C27922657A4F00B45A56 /* Assets.xcassets */ = {isa = PBXFileReference; lastKnownFileType = folder.assetcatalog; path = Assets.xcassets; sourceTree = "<group>"; };
		2716C27C22657A4F00B45A56 /* Base */ = {isa = PBXFileReference; lastKnownFileType = file.storyboard; name = Base; path = Base.lproj/LaunchScreen.storyboard; sourceTree = "<group>"; };
		2716C27E22657A4F00B45A56 /* Info.plist */ = {isa = PBXFileReference; lastKnownFileType = text.plist.xml; path = Info.plist; sourceTree = "<group>"; };
		2716C29722657AF600B45A56 /* CustomCamera-Bridging-Header.h */ = {isa = PBXFileReference; lastKnownFileType = sourcecode.c.h; path = "CustomCamera-Bridging-Header.h"; sourceTree = "<group>"; };
		2716C32D2265849700B45A56 /* LLSimpleCamera+Helper.m */ = {isa = PBXFileReference; fileEncoding = 4; lastKnownFileType = sourcecode.c.objc; path = "LLSimpleCamera+Helper.m"; sourceTree = "<group>"; };
		2716C32E2265849700B45A56 /* LLSimpleCamera.h */ = {isa = PBXFileReference; fileEncoding = 4; lastKnownFileType = sourcecode.c.h; path = LLSimpleCamera.h; sourceTree = "<group>"; };
		2716C32F2265849700B45A56 /* UIImage+FixOrientation.h */ = {isa = PBXFileReference; fileEncoding = 4; lastKnownFileType = sourcecode.c.h; path = "UIImage+FixOrientation.h"; sourceTree = "<group>"; };
		2716C3302265849700B45A56 /* LLSimpleCamera+Helper.h */ = {isa = PBXFileReference; fileEncoding = 4; lastKnownFileType = sourcecode.c.h; path = "LLSimpleCamera+Helper.h"; sourceTree = "<group>"; };
		2716C3312265849700B45A56 /* LLSimpleCamera.m */ = {isa = PBXFileReference; fileEncoding = 4; lastKnownFileType = sourcecode.c.objc; path = LLSimpleCamera.m; sourceTree = "<group>"; };
		2716C3322265849700B45A56 /* UIImage+FixOrientation.m */ = {isa = PBXFileReference; fileEncoding = 4; lastKnownFileType = sourcecode.c.objc; path = "UIImage+FixOrientation.m"; sourceTree = "<group>"; };
		27B3F2A12265AD87003EC363 /* SearchImageControllerViewController.swift */ = {isa = PBXFileReference; lastKnownFileType = sourcecode.swift; path = SearchImageControllerViewController.swift; sourceTree = "<group>"; };
		27B3F2A22265AD87003EC363 /* SearchImageControllerViewController.xib */ = {isa = PBXFileReference; lastKnownFileType = file.xib; path = SearchImageControllerViewController.xib; sourceTree = "<group>"; };
		27B3F2A62265AFAA003EC363 /* TKImageView.h */ = {isa = PBXFileReference; fileEncoding = 4; lastKnownFileType = sourcecode.c.h; path = TKImageView.h; sourceTree = "<group>"; };
		27B3F2A72265AFAA003EC363 /* TKImageView.m */ = {isa = PBXFileReference; fileEncoding = 4; lastKnownFileType = sourcecode.c.objc; path = TKImageView.m; sourceTree = "<group>"; };
		27B3F2AD2265C9D5003EC363 /* CountDownButton.swift */ = {isa = PBXFileReference; fileEncoding = 4; lastKnownFileType = sourcecode.swift; path = CountDownButton.swift; sourceTree = "<group>"; };
/* End PBXFileReference section */

/* Begin PBXFrameworksBuildPhase section */
		2716C26C22657A4D00B45A56 /* Frameworks */ = {
			isa = PBXFrameworksBuildPhase;
			buildActionMask = 2147483647;
			files = (
			);
			runOnlyForDeploymentPostprocessing = 0;
		};
/* End PBXFrameworksBuildPhase section */

/* Begin PBXGroup section */
		2716C26622657A4D00B45A56 = {
			isa = PBXGroup;
			children = (
				2716C27122657A4D00B45A56 /* CustomCamera */,
				2716C27022657A4D00B45A56 /* Products */,
			);
			sourceTree = "<group>";
		};
		2716C27022657A4D00B45A56 /* Products */ = {
			isa = PBXGroup;
			children = (
				2716C26F22657A4D00B45A56 /* CustomCamera.app */,
			);
			name = Products;
			sourceTree = "<group>";
		};
		2716C27122657A4D00B45A56 /* CustomCamera */ = {
			isa = PBXGroup;
			children = (
				27B3F2A52265AFAA003EC363 /* TKImageView */,
				2716C32C2265849700B45A56 /* LLSimpleCamera */,
				2716C27222657A4D00B45A56 /* AppDelegate.swift */,
				2716C27422657A4D00B45A56 /* ViewController.swift */,
				2716C27622657A4D00B45A56 /* Main.storyboard */,
				2716C27922657A4F00B45A56 /* Assets.xcassets */,
				2716C27B22657A4F00B45A56 /* LaunchScreen.storyboard */,
				2716C27E22657A4F00B45A56 /* Info.plist */,
				2716C29722657AF600B45A56 /* CustomCamera-Bridging-Header.h */,
				27B3F2A12265AD87003EC363 /* SearchImageControllerViewController.swift */,
				27B3F2A22265AD87003EC363 /* SearchImageControllerViewController.xib */,
				27B3F2AD2265C9D5003EC363 /* CountDownButton.swift */,
			);
			path = CustomCamera;
			sourceTree = "<group>";
		};
		2716C32C2265849700B45A56 /* LLSimpleCamera */ = {
			isa = PBXGroup;
			children = (
				2716C3302265849700B45A56 /* LLSimpleCamera+Helper.h */,
				2716C32D2265849700B45A56 /* LLSimpleCamera+Helper.m */,
				2716C32E2265849700B45A56 /* LLSimpleCamera.h */,
				2716C3312265849700B45A56 /* LLSimpleCamera.m */,
				2716C32F2265849700B45A56 /* UIImage+FixOrientation.h */,
				2716C3322265849700B45A56 /* UIImage+FixOrientation.m */,
			);
			path = LLSimpleCamera;
			sourceTree = "<group>";
		};
		27B3F2A52265AFAA003EC363 /* TKImageView */ = {
			isa = PBXGroup;
			children = (
				27B3F2A62265AFAA003EC363 /* TKImageView.h */,
				27B3F2A72265AFAA003EC363 /* TKImageView.m */,
			);
			path = TKImageView;
			sourceTree = "<group>";
		};
/* End PBXGroup section */

/* Begin PBXNativeTarget section */
		2716C26E22657A4D00B45A56 /* CustomCamera */ = {
			isa = PBXNativeTarget;
			buildConfigurationList = 2716C28122657A4F00B45A56 /* Build configuration list for PBXNativeTarget "CustomCamera" */;
			buildPhases = (
				2716C26B22657A4D00B45A56 /* Sources */,
				2716C26C22657A4D00B45A56 /* Frameworks */,
				2716C26D22657A4D00B45A56 /* Resources */,
			);
			buildRules = (
			);
			dependencies = (
			);
			name = CustomCamera;
			productName = CustomCamera;
			productReference = 2716C26F22657A4D00B45A56 /* CustomCamera.app */;
			productType = "com.apple.product-type.application";
		};
/* End PBXNativeTarget section */

/* Begin PBXProject section */
		2716C26722657A4D00B45A56 /* Project object */ = {
			isa = PBXProject;
			attributes = {
				LastSwiftUpdateCheck = 1020;
				LastUpgradeCheck = 1020;
				ORGANIZATIONNAME = "Ning Li";
				TargetAttributes = {
					2716C26E22657A4D00B45A56 = {
						CreatedOnToolsVersion = 10.2;
						LastSwiftMigration = 1020;
					};
				};
			};
			buildConfigurationList = 2716C26A22657A4D00B45A56 /* Build configuration list for PBXProject "CustomCamera" */;
			compatibilityVersion = "Xcode 9.3";
			developmentRegion = en;
			hasScannedForEncodings = 0;
			knownRegions = (
				en,
				Base,
			);
			mainGroup = 2716C26622657A4D00B45A56;
			productRefGroup = 2716C27022657A4D00B45A56 /* Products */;
			projectDirPath = "";
			projectRoot = "";
			targets = (
				2716C26E22657A4D00B45A56 /* CustomCamera */,
			);
		};
/* End PBXProject section */

/* Begin PBXResourcesBuildPhase section */
		2716C26D22657A4D00B45A56 /* Resources */ = {
			isa = PBXResourcesBuildPhase;
			buildActionMask = 2147483647;
			files = (
				27B3F2A42265AD87003EC363 /* SearchImageControllerViewController.xib in Resources */,
				2716C27D22657A4F00B45A56 /* LaunchScreen.storyboard in Resources */,
				2716C27A22657A4F00B45A56 /* Assets.xcassets in Resources */,
				2716C27822657A4D00B45A56 /* Main.storyboard in Resources */,
			);
			runOnlyForDeploymentPostprocessing = 0;
		};
/* End PBXResourcesBuildPhase section */

/* Begin PBXSourcesBuildPhase section */
		2716C26B22657A4D00B45A56 /* Sources */ = {
			isa = PBXSourcesBuildPhase;
			buildActionMask = 2147483647;
			files = (
				27B3F2A82265AFAB003EC363 /* TKImageView.m in Sources */,
				27B3F2A32265AD87003EC363 /* SearchImageControllerViewController.swift in Sources */,
				2716C3332265849700B45A56 /* LLSimpleCamera+Helper.m in Sources */,
				2716C27522657A4D00B45A56 /* ViewController.swift in Sources */,
				2716C3342265849700B45A56 /* LLSimpleCamera.m in Sources */,
				27B3F2AE2265C9D5003EC363 /* CountDownButton.swift in Sources */,
				2716C3352265849700B45A56 /* UIImage+FixOrientation.m in Sources */,
				2716C27322657A4D00B45A56 /* AppDelegate.swift in Sources */,
			);
			runOnlyForDeploymentPostprocessing = 0;
		};
/* End PBXSourcesBuildPhase section */

/* Begin PBXVariantGroup section */
		2716C27622657A4D00B45A56 /* Main.storyboard */ = {
			isa = PBXVariantGroup;
			children = (
				2716C27722657A4D00B45A56 /* Base */,
			);
			name = Main.storyboard;
			sourceTree = "<group>";
		};
		2716C27B22657A4F00B45A56 /* LaunchScreen.storyboard */ = {
			isa = PBXVariantGroup;
			children = (
				2716C27C22657A4F00B45A56 /* Base */,
			);
			name = LaunchScreen.storyboard;
			sourceTree = "<group>";
		};
/* End PBXVariantGroup section */

/* Begin XCBuildConfiguration section */
		2716C27F22657A4F00B45A56 /* Debug */ = {
			isa = XCBuildConfiguration;
			buildSettings = {
				ALWAYS_SEARCH_USER_PATHS = NO;
				CLANG_ANALYZER_NONNULL = YES;
				CLANG_ANALYZER_NUMBER_OBJECT_CONVERSION = YES_AGGRESSIVE;
				CLANG_CXX_LANGUAGE_STANDARD = "gnu++14";
				CLANG_CXX_LIBRARY = "libc++";
				CLANG_ENABLE_MODULES = YES;
				CLANG_ENABLE_OBJC_ARC = YES;
				CLANG_ENABLE_OBJC_WEAK = YES;
				CLANG_WARN_BLOCK_CAPTURE_AUTORELEASING = YES;
				CLANG_WARN_BOOL_CONVERSION = YES;
				CLANG_WARN_COMMA = YES;
				CLANG_WARN_CONSTANT_CONVERSION = YES;
				CLANG_WARN_DEPRECATED_OBJC_IMPLEMENTATIONS = YES;
				CLANG_WARN_DIRECT_OBJC_ISA_USAGE = YES_ERROR;
				CLANG_WARN_DOCUMENTATION_COMMENTS = YES;
				CLANG_WARN_EMPTY_BODY = YES;
				CLANG_WARN_ENUM_CONVERSION = YES;
				CLANG_WARN_INFINITE_RECURSION = YES;
				CLANG_WARN_INT_CONVERSION = YES;
				CLANG_WARN_NON_LITERAL_NULL_CONVERSION = YES;
				CLANG_WARN_OBJC_IMPLICIT_RETAIN_SELF = YES;
				CLANG_WARN_OBJC_LITERAL_CONVERSION = YES;
				CLANG_WARN_OBJC_ROOT_CLASS = YES_ERROR;
				CLANG_WARN_RANGE_LOOP_ANALYSIS = YES;
				CLANG_WARN_STRICT_PROTOTYPES = YES;
				CLANG_WARN_SUSPICIOUS_MOVE = YES;
				CLANG_WARN_UNGUARDED_AVAILABILITY = YES_AGGRESSIVE;
				CLANG_WARN_UNREACHABLE_CODE = YES;
				CLANG_WARN__DUPLICATE_METHOD_MATCH = YES;
				CODE_SIGN_IDENTITY = "iPhone Developer";
				COPY_PHASE_STRIP = NO;
				DEBUG_INFORMATION_FORMAT = dwarf;
				ENABLE_STRICT_OBJC_MSGSEND = YES;
				ENABLE_TESTABILITY = YES;
				GCC_C_LANGUAGE_STANDARD = gnu11;
				GCC_DYNAMIC_NO_PIC = NO;
				GCC_NO_COMMON_BLOCKS = YES;
				GCC_OPTIMIZATION_LEVEL = 0;
				GCC_PREPROCESSOR_DEFINITIONS = (
					"DEBUG=1",
					"$(inherited)",
				);
				GCC_WARN_64_TO_32_BIT_CONVERSION = YES;
				GCC_WARN_ABOUT_RETURN_TYPE = YES_ERROR;
				GCC_WARN_UNDECLARED_SELECTOR = YES;
				GCC_WARN_UNINITIALIZED_AUTOS = YES_AGGRESSIVE;
				GCC_WARN_UNUSED_FUNCTION = YES;
				GCC_WARN_UNUSED_VARIABLE = YES;
				IPHONEOS_DEPLOYMENT_TARGET = 12.2;
				MTL_ENABLE_DEBUG_INFO = INCLUDE_SOURCE;
				MTL_FAST_MATH = YES;
				ONLY_ACTIVE_ARCH = YES;
				SDKROOT = iphoneos;
				SWIFT_ACTIVE_COMPILATION_CONDITIONS = DEBUG;
				SWIFT_OPTIMIZATION_LEVEL = "-Onone";
			};
			name = Debug;
		};
		2716C28022657A4F00B45A56 /* Release */ = {
			isa = XCBuildConfiguration;
			buildSettings = {
				ALWAYS_SEARCH_USER_PATHS = NO;
				CLANG_ANALYZER_NONNULL = YES;
				CLANG_ANALYZER_NUMBER_OBJECT_CONVERSION = YES_AGGRESSIVE;
				CLANG_CXX_LANGUAGE_STANDARD = "gnu++14";
				CLANG_CXX_LIBRARY = "libc++";
				CLANG_ENABLE_MODULES = YES;
				CLANG_ENABLE_OBJC_ARC = YES;
				CLANG_ENABLE_OBJC_WEAK = YES;
				CLANG_WARN_BLOCK_CAPTURE_AUTORELEASING = YES;
				CLANG_WARN_BOOL_CONVERSION = YES;
				CLANG_WARN_COMMA = YES;
				CLANG_WARN_CONSTANT_CONVERSION = YES;
				CLANG_WARN_DEPRECATED_OBJC_IMPLEMENTATIONS = YES;
				CLANG_WARN_DIRECT_OBJC_ISA_USAGE = YES_ERROR;
				CLANG_WARN_DOCUMENTATION_COMMENTS = YES;
				CLANG_WARN_EMPTY_BODY = YES;
				CLANG_WARN_ENUM_CONVERSION = YES;
				CLANG_WARN_INFINITE_RECURSION = YES;
				CLANG_WARN_INT_CONVERSION = YES;
				CLANG_WARN_NON_LITERAL_NULL_CONVERSION = YES;
				CLANG_WARN_OBJC_IMPLICIT_RETAIN_SELF = YES;
				CLANG_WARN_OBJC_LITERAL_CONVERSION = YES;
				CLANG_WARN_OBJC_ROOT_CLASS = YES_ERROR;
				CLANG_WARN_RANGE_LOOP_ANALYSIS = YES;
				CLANG_WARN_STRICT_PROTOTYPES = YES;
				CLANG_WARN_SUSPICIOUS_MOVE = YES;
				CLANG_WARN_UNGUARDED_AVAILABILITY = YES_AGGRESSIVE;
				CLANG_WARN_UNREACHABLE_CODE = YES;
				CLANG_WARN__DUPLICATE_METHOD_MATCH = YES;
				CODE_SIGN_IDENTITY = "iPhone Developer";
				COPY_PHASE_STRIP = NO;
				DEBUG_INFORMATION_FORMAT = "dwarf-with-dsym";
				ENABLE_NS_ASSERTIONS = NO;
				ENABLE_STRICT_OBJC_MSGSEND = YES;
				GCC_C_LANGUAGE_STANDARD = gnu11;
				GCC_NO_COMMON_BLOCKS = YES;
				GCC_WARN_64_TO_32_BIT_CONVERSION = YES;
				GCC_WARN_ABOUT_RETURN_TYPE = YES_ERROR;
				GCC_WARN_UNDECLARED_SELECTOR = YES;
				GCC_WARN_UNINITIALIZED_AUTOS = YES_AGGRESSIVE;
				GCC_WARN_UNUSED_FUNCTION = YES;
				GCC_WARN_UNUSED_VARIABLE = YES;
				IPHONEOS_DEPLOYMENT_TARGET = 12.2;
				MTL_ENABLE_DEBUG_INFO = NO;
				MTL_FAST_MATH = YES;
				SDKROOT = iphoneos;
				SWIFT_COMPILATION_MODE = wholemodule;
				SWIFT_OPTIMIZATION_LEVEL = "-O";
				VALIDATE_PRODUCT = YES;
			};
			name = Release;
		};
		2716C28222657A4F00B45A56 /* Debug */ = {
			isa = XCBuildConfiguration;
			buildSettings = {
				ASSETCATALOG_COMPILER_APPICON_NAME = AppIcon;
				CLANG_ENABLE_MODULES = YES;
				CODE_SIGN_STYLE = Automatic;
				DEVELOPMENT_TEAM = 7SRTN8TP29;
				INFOPLIST_FILE = CustomCamera/Info.plist;
				IPHONEOS_DEPLOYMENT_TARGET = 9.0;
				LD_RUNPATH_SEARCH_PATHS = (
					"$(inherited)",
					"@executable_path/Frameworks",
				);
				PRODUCT_BUNDLE_IDENTIFIER = yzh.CustomCamera;
				PRODUCT_NAME = "$(TARGET_NAME)";
				SWIFT_OBJC_BRIDGING_HEADER = "CustomCamera/CustomCamera-Bridging-Header.h";
				SWIFT_OPTIMIZATION_LEVEL = "-Onone";
				SWIFT_VERSION = 5.0;
				TARGETED_DEVICE_FAMILY = "1,2";
			};
			name = Debug;
		};
		2716C28322657A4F00B45A56 /* Release */ = {
			isa = XCBuildConfiguration;
			buildSettings = {
				ASSETCATALOG_COMPILER_APPICON_NAME = AppIcon;
				CLANG_ENABLE_MODULES = YES;
				CODE_SIGN_STYLE = Automatic;
				DEVELOPMENT_TEAM = 7SRTN8TP29;
				INFOPLIST_FILE = CustomCamera/Info.plist;
				IPHONEOS_DEPLOYMENT_TARGET = 9.0;
				LD_RUNPATH_SEARCH_PATHS = (
					"$(inherited)",
					"@executable_path/Frameworks",
				);
				PRODUCT_BUNDLE_IDENTIFIER = yzh.CustomCamera;
				PRODUCT_NAME = "$(TARGET_NAME)";
				SWIFT_OBJC_BRIDGING_HEADER = "CustomCamera/CustomCamera-Bridging-Header.h";
				SWIFT_VERSION = 5.0;
				TARGETED_DEVICE_FAMILY = "1,2";
			};
			name = Release;
		};
/* End XCBuildConfiguration section */

/* Begin XCConfigurationList section */
		2716C26A22657A4D00B45A56 /* Build configuration list for PBXProject "CustomCamera" */ = {
			isa = XCConfigurationList;
			buildConfigurations = (
				2716C27F22657A4F00B45A56 /* Debug */,
				2716C28022657A4F00B45A56 /* Release */,
			);
			defaultConfigurationIsVisible = 0;
			defaultConfigurationName = Release;
		};
		2716C28122657A4F00B45A56 /* Build configuration list for PBXNativeTarget "CustomCamera" */ = {
			isa = XCConfigurationList;
			buildConfigurations = (
				2716C28222657A4F00B45A56 /* Debug */,
				2716C28322657A4F00B45A56 /* Release */,
			);
			defaultConfigurationIsVisible = 0;
			defaultConfigurationName = Release;
		};
/* End XCConfigurationList section */
	};
	rootObject = 2716C26722657A4D00B45A56 /* Project object */;
}
