// !$*UTF8*$!
{
	archiveVersion = 1;
	classes = {
	};
	objectVersion = 50;
	objects = {

/* Begin PBXBuildFile section */
		274C9520236C1071003667A5 /* AppDelegate.swift in Sources */ = {isa = PBXBuildFile; fileRef = 274C951F236C1071003667A5 /* AppDelegate.swift */; };
		274C9522236C1071003667A5 /* SceneDelegate.swift in Sources */ = {isa = PBXBuildFile; fileRef = 274C9521236C1071003667A5 /* SceneDelegate.swift */; };
		274C9524236C1071003667A5 /* ViewController.swift in Sources */ = {isa = PBXBuildFile; fileRef = 274C9523236C1071003667A5 /* ViewController.swift */; };
		274C9527236C1071003667A5 /* Main.storyboard in Resources */ = {isa = PBXBuildFile; fileRef = 274C9525236C1071003667A5 /* Main.storyboard */; };
		274C9529236C1073003667A5 /* Assets.xcassets in Resources */ = {isa = PBXBuildFile; fileRef = 274C9528236C1073003667A5 /* Assets.xcassets */; };
		274C952C236C1073003667A5 /* LaunchScreen.storyboard in Resources */ = {isa = PBXBuildFile; fileRef = 274C952A236C1073003667A5 /* LaunchScreen.storyboard */; };
		274C9534236C107D003667A5 /* AnimationAssets.bundle in Resources */ = {isa = PBXBuildFile; fileRef = 274C9533236C107D003667A5 /* AnimationAssets.bundle */; };
/* End PBXBuildFile section */

/* Begin PBXFileReference section */
		274C951C236C1071003667A5 /* TestAssetsBundle.app */ = {isa = PBXFileReference; explicitFileType = wrapper.application; includeInIndex = 0; path = TestAssetsBundle.app; sourceTree = BUILT_PRODUCTS_DIR; };
		274C951F236C1071003667A5 /* AppDelegate.swift */ = {isa = PBXFileReference; lastKnownFileType = sourcecode.swift; path = AppDelegate.swift; sourceTree = "<group>"; };
		274C9521236C1071003667A5 /* SceneDelegate.swift */ = {isa = PBXFileReference; lastKnownFileType = sourcecode.swift; path = SceneDelegate.swift; sourceTree = "<group>"; };
		274C9523236C1071003667A5 /* ViewController.swift */ = {isa = PBXFileReference; lastKnownFileType = sourcecode.swift; path = ViewController.swift; sourceTree = "<group>"; };
		274C9526236C1071003667A5 /* Base */ = {isa = PBXFileReference; lastKnownFileType = file.storyboard; name = Base; path = Base.lproj/Main.storyboard; sourceTree = "<group>"; };
		274C9528236C1073003667A5 /* Assets.xcassets */ = {isa = PBXFileReference; lastKnownFileType = folder.assetcatalog; path = Assets.xcassets; sourceTree = "<group>"; };
		274C952B236C1073003667A5 /* Base */ = {isa = PBXFileReference; lastKnownFileType = file.storyboard; name = Base; path = Base.lproj/LaunchScreen.storyboard; sourceTree = "<group>"; };
		274C952D236C1073003667A5 /* Info.plist */ = {isa = PBXFileReference; lastKnownFileType = text.plist.xml; path = Info.plist; sourceTree = "<group>"; };
		274C9533236C107D003667A5 /* AnimationAssets.bundle */ = {isa = PBXFileReference; lastKnownFileType = "wrapper.plug-in"; path = AnimationAssets.bundle; sourceTree = "<group>"; };
/* End PBXFileReference section */

/* Begin PBXFrameworksBuildPhase section */
		274C9519236C1071003667A5 /* Frameworks */ = {
			isa = PBXFrameworksBuildPhase;
			buildActionMask = 2147483647;
			files = (
			);
			runOnlyForDeploymentPostprocessing = 0;
		};
/* End PBXFrameworksBuildPhase section */

/* Begin PBXGroup section */
		274C9513236C1071003667A5 = {
			isa = PBXGroup;
			children = (
				274C951E236C1071003667A5 /* TestAssetsBundle */,
				274C951D236C1071003667A5 /* Products */,
			);
			sourceTree = "<group>";
		};
		274C951D236C1071003667A5 /* Products */ = {
			isa = PBXGroup;
			children = (
				274C951C236C1071003667A5 /* TestAssetsBundle.app */,
			);
			name = Products;
			sourceTree = "<group>";
		};
		274C951E236C1071003667A5 /* TestAssetsBundle */ = {
			isa = PBXGroup;
			children = (
				274C9533236C107D003667A5 /* AnimationAssets.bundle */,
				274C951F236C1071003667A5 /* AppDelegate.swift */,
				274C9521236C1071003667A5 /* SceneDelegate.swift */,
				274C9523236C1071003667A5 /* ViewController.swift */,
				274C9525236C1071003667A5 /* Main.storyboard */,
				274C9528236C1073003667A5 /* Assets.xcassets */,
				274C952A236C1073003667A5 /* LaunchScreen.storyboard */,
				274C952D236C1073003667A5 /* Info.plist */,
			);
			path = TestAssetsBundle;
			sourceTree = "<group>";
		};
/* End PBXGroup section */

/* Begin PBXNativeTarget section */
		274C951B236C1071003667A5 /* TestAssetsBundle */ = {
			isa = PBXNativeTarget;
			buildConfigurationList = 274C9530236C1073003667A5 /* Build configuration list for PBXNativeTarget "TestAssetsBundle" */;
			buildPhases = (
				274C9518236C1071003667A5 /* Sources */,
				274C9519236C1071003667A5 /* Frameworks */,
				274C951A236C1071003667A5 /* Resources */,
			);
			buildRules = (
			);
			dependencies = (
			);
			name = TestAssetsBundle;
			productName = TestAssetsBundle;
			productReference = 274C951C236C1071003667A5 /* TestAssetsBundle.app */;
			productType = "com.apple.product-type.application";
		};
/* End PBXNativeTarget section */

/* Begin PBXProject section */
		274C9514236C1071003667A5 /* Project object */ = {
			isa = PBXProject;
			attributes = {
				LastSwiftUpdateCheck = 1110;
				LastUpgradeCheck = 1110;
				ORGANIZATIONNAME = yzh;
				TargetAttributes = {
					274C951B236C1071003667A5 = {
						CreatedOnToolsVersion = 11.1;
					};
				};
			};
			buildConfigurationList = 274C9517236C1071003667A5 /* Build configuration list for PBXProject "TestAssetsBundle" */;
			compatibilityVersion = "Xcode 9.3";
			developmentRegion = en;
			hasScannedForEncodings = 0;
			knownRegions = (
				en,
				Base,
			);
			mainGroup = 274C9513236C1071003667A5;
			productRefGroup = 274C951D236C1071003667A5 /* Products */;
			projectDirPath = "";
			projectRoot = "";
			targets = (
				274C951B236C1071003667A5 /* TestAssetsBundle */,
			);
		};
/* End PBXProject section */

/* Begin PBXResourcesBuildPhase section */
		274C951A236C1071003667A5 /* Resources */ = {
			isa = PBXResourcesBuildPhase;
			buildActionMask = 2147483647;
			files = (
				274C952C236C1073003667A5 /* LaunchScreen.storyboard in Resources */,
				274C9534236C107D003667A5 /* AnimationAssets.bundle in Resources */,
				274C9529236C1073003667A5 /* Assets.xcassets in Resources */,
				274C9527236C1071003667A5 /* Main.storyboard in Resources */,
			);
			runOnlyForDeploymentPostprocessing = 0;
		};
/* End PBXResourcesBuildPhase section */

/* Begin PBXSourcesBuildPhase section */
		274C9518236C1071003667A5 /* Sources */ = {
			isa = PBXSourcesBuildPhase;
			buildActionMask = 2147483647;
			files = (
				274C9524236C1071003667A5 /* ViewController.swift in Sources */,
				274C9520236C1071003667A5 /* AppDelegate.swift in Sources */,
				274C9522236C1071003667A5 /* SceneDelegate.swift in Sources */,
			);
			runOnlyForDeploymentPostprocessing = 0;
		};
/* End PBXSourcesBuildPhase section */

/* Begin PBXVariantGroup section */
		274C9525236C1071003667A5 /* Main.storyboard */ = {
			isa = PBXVariantGroup;
			children = (
				274C9526236C1071003667A5 /* Base */,
			);
			name = Main.storyboard;
			sourceTree = "<group>";
		};
		274C952A236C1073003667A5 /* LaunchScreen.storyboard */ = {
			isa = PBXVariantGroup;
			children = (
				274C952B236C1073003667A5 /* Base */,
			);
			name = LaunchScreen.storyboard;
			sourceTree = "<group>";
		};
/* End PBXVariantGroup section */

/* Begin XCBuildConfiguration section */
		274C952E236C1073003667A5 /* Debug */ = {
			isa = XCBuildConfiguration;
			buildSettings = {
				ALWAYS_SEARCH_USER_PATHS = NO;
				CLANG_ANALYZER_NONNULL = YES;
				CLANG_ANALYZER_NUMBER_OBJECT_CONVERSION = YES_AGGRESSIVE;
				CLANG_CXX_LANGUAGE_STANDARD = "gnu++14";
				CLANG_CXX_LIBRARY = "libc++";
				CLANG_ENABLE_MODULES = YES;
				CLANG_ENABLE_OBJC_ARC = YES;
				CLANG_ENABLE_OBJC_WEAK = YES;
				CLANG_WARN_BLOCK_CAPTURE_AUTORELEASING = YES;
				CLANG_WARN_BOOL_CONVERSION = YES;
				CLANG_WARN_COMMA = YES;
				CLANG_WARN_CONSTANT_CONVERSION = YES;
				CLANG_WARN_DEPRECATED_OBJC_IMPLEMENTATIONS = YES;
				CLANG_WARN_DIRECT_OBJC_ISA_USAGE = YES_ERROR;
				CLANG_WARN_DOCUMENTATION_COMMENTS = YES;
				CLANG_WARN_EMPTY_BODY = YES;
				CLANG_WARN_ENUM_CONVERSION = YES;
				CLANG_WARN_INFINITE_RECURSION = YES;
				CLANG_WARN_INT_CONVERSION = YES;
				CLANG_WARN_NON_LITERAL_NULL_CONVERSION = YES;
				CLANG_WARN_OBJC_IMPLICIT_RETAIN_SELF = YES;
				CLANG_WARN_OBJC_LITERAL_CONVERSION = YES;
				CLANG_WARN_OBJC_ROOT_CLASS = YES_ERROR;
				CLANG_WARN_RANGE_LOOP_ANALYSIS = YES;
				CLANG_WARN_STRICT_PROTOTYPES = YES;
				CLANG_WARN_SUSPICIOUS_MOVE = YES;
				CLANG_WARN_UNGUARDED_AVAILABILITY = YES_AGGRESSIVE;
				CLANG_WARN_UNREACHABLE_CODE = YES;
				CLANG_WARN__DUPLICATE_METHOD_MATCH = YES;
				COPY_PHASE_STRIP = NO;
				DEBUG_INFORMATION_FORMAT = dwarf;
				ENABLE_STRICT_OBJC_MSGSEND = YES;
				ENABLE_TESTABILITY = YES;
				GCC_C_LANGUAGE_STANDARD = gnu11;
				GCC_DYNAMIC_NO_PIC = NO;
				GCC_NO_COMMON_BLOCKS = YES;
				GCC_OPTIMIZATION_LEVEL = 0;
				GCC_PREPROCESSOR_DEFINITIONS = (
					"DEBUG=1",
					"$(inherited)",
				);
				GCC_WARN_64_TO_32_BIT_CONVERSION = YES;
				GCC_WARN_ABOUT_RETURN_TYPE = YES_ERROR;
				GCC_WARN_UNDECLARED_SELECTOR = YES;
				GCC_WARN_UNINITIALIZED_AUTOS = YES_AGGRESSIVE;
				GCC_WARN_UNUSED_FUNCTION = YES;
				GCC_WARN_UNUSED_VARIABLE = YES;
				IPHONEOS_DEPLOYMENT_TARGET = 13.1;
				MTL_ENABLE_DEBUG_INFO = INCLUDE_SOURCE;
				MTL_FAST_MATH = YES;
				ONLY_ACTIVE_ARCH = YES;
				SDKROOT = iphoneos;
				SWIFT_ACTIVE_COMPILATION_CONDITIONS = DEBUG;
				SWIFT_OPTIMIZATION_LEVEL = "-Onone";
			};
			name = Debug;
		};
		274C952F236C1073003667A5 /* Release */ = {
			isa = XCBuildConfiguration;
			buildSettings = {
				ALWAYS_SEARCH_USER_PATHS = NO;
				CLANG_ANALYZER_NONNULL = YES;
				CLANG_ANALYZER_NUMBER_OBJECT_CONVERSION = YES_AGGRESSIVE;
				CLANG_CXX_LANGUAGE_STANDARD = "gnu++14";
				CLANG_CXX_LIBRARY = "libc++";
				CLANG_ENABLE_MODULES = YES;
				CLANG_ENABLE_OBJC_ARC = YES;
				CLANG_ENABLE_OBJC_WEAK = YES;
				CLANG_WARN_BLOCK_CAPTURE_AUTORELEASING = YES;
				CLANG_WARN_BOOL_CONVERSION = YES;
				CLANG_WARN_COMMA = YES;
				CLANG_WARN_CONSTANT_CONVERSION = YES;
				CLANG_WARN_DEPRECATED_OBJC_IMPLEMENTATIONS = YES;
				CLANG_WARN_DIRECT_OBJC_ISA_USAGE = YES_ERROR;
				CLANG_WARN_DOCUMENTATION_COMMENTS = YES;
				CLANG_WARN_EMPTY_BODY = YES;
				CLANG_WARN_ENUM_CONVERSION = YES;
				CLANG_WARN_INFINITE_RECURSION = YES;
				CLANG_WARN_INT_CONVERSION = YES;
				CLANG_WARN_NON_LITERAL_NULL_CONVERSION = YES;
				CLANG_WARN_OBJC_IMPLICIT_RETAIN_SELF = YES;
				CLANG_WARN_OBJC_LITERAL_CONVERSION = YES;
				CLANG_WARN_OBJC_ROOT_CLASS = YES_ERROR;
				CLANG_WARN_RANGE_LOOP_ANALYSIS = YES;
				CLANG_WARN_STRICT_PROTOTYPES = YES;
				CLANG_WARN_SUSPICIOUS_MOVE = YES;
				CLANG_WARN_UNGUARDED_AVAILABILITY = YES_AGGRESSIVE;
				CLANG_WARN_UNREACHABLE_CODE = YES;
				CLANG_WARN__DUPLICATE_METHOD_MATCH = YES;
				COPY_PHASE_STRIP = NO;
				DEBUG_INFORMATION_FORMAT = "dwarf-with-dsym";
				ENABLE_NS_ASSERTIONS = NO;
				ENABLE_STRICT_OBJC_MSGSEND = YES;
				GCC_C_LANGUAGE_STANDARD = gnu11;
				GCC_NO_COMMON_BLOCKS = YES;
				GCC_WARN_64_TO_32_BIT_CONVERSION = YES;
				GCC_WARN_ABOUT_RETURN_TYPE = YES_ERROR;
				GCC_WARN_UNDECLARED_SELECTOR = YES;
				GCC_WARN_UNINITIALIZED_AUTOS = YES_AGGRESSIVE;
				GCC_WARN_UNUSED_FUNCTION = YES;
				GCC_WARN_UNUSED_VARIABLE = YES;
				IPHONEOS_DEPLOYMENT_TARGET = 13.1;
				MTL_ENABLE_DEBUG_INFO = NO;
				MTL_FAST_MATH = YES;
				SDKROOT = iphoneos;
				SWIFT_COMPILATION_MODE = wholemodule;
				SWIFT_OPTIMIZATION_LEVEL = "-O";
				VALIDATE_PRODUCT = YES;
			};
			name = Release;
		};
		274C9531236C1073003667A5 /* Debug */ = {
			isa = XCBuildConfiguration;
			buildSettings = {
				ASSETCATALOG_COMPILER_APPICON_NAME = AppIcon;
				CODE_SIGN_STYLE = Automatic;
				DEVELOPMENT_TEAM = 898932UN9T;
				INFOPLIST_FILE = TestAssetsBundle/Info.plist;
				LD_RUNPATH_SEARCH_PATHS = (
					"$(inherited)",
					"@executable_path/Frameworks",
				);
				PRODUCT_BUNDLE_IDENTIFIER = com.MingNiao.TestAssetsBundle;
				PRODUCT_NAME = "$(TARGET_NAME)";
				SWIFT_VERSION = 5.0;
				TARGETED_DEVICE_FAMILY = "1,2";
			};
			name = Debug;
		};
		274C9532236C1073003667A5 /* Release */ = {
			isa = XCBuildConfiguration;
			buildSettings = {
				ASSETCATALOG_COMPILER_APPICON_NAME = AppIcon;
				CODE_SIGN_STYLE = Automatic;
				DEVELOPMENT_TEAM = 898932UN9T;
				INFOPLIST_FILE = TestAssetsBundle/Info.plist;
				LD_RUNPATH_SEARCH_PATHS = (
					"$(inherited)",
					"@executable_path/Frameworks",
				);
				PRODUCT_BUNDLE_IDENTIFIER = com.MingNiao.TestAssetsBundle;
				PRODUCT_NAME = "$(TARGET_NAME)";
				SWIFT_VERSION = 5.0;
				TARGETED_DEVICE_FAMILY = "1,2";
			};
			name = Release;
		};
/* End XCBuildConfiguration section */

/* Begin XCConfigurationList section */
		274C9517236C1071003667A5 /* Build configuration list for PBXProject "TestAssetsBundle" */ = {
			isa = XCConfigurationList;
			buildConfigurations = (
				274C952E236C1073003667A5 /* Debug */,
				274C952F236C1073003667A5 /* Release */,
			);
			defaultConfigurationIsVisible = 0;
			defaultConfigurationName = Release;
		};
		274C9530236C1073003667A5 /* Build configuration list for PBXNativeTarget "TestAssetsBundle" */ = {
			isa = XCConfigurationList;
			buildConfigurations = (
				274C9531236C1073003667A5 /* Debug */,
				274C9532236C1073003667A5 /* Release */,
			);
			defaultConfigurationIsVisible = 0;
			defaultConfigurationName = Release;
		};
/* End XCConfigurationList section */
	};
	rootObject = 274C9514236C1071003667A5 /* Project object */;
}
